{
  "version": 4,
  "terraform_version": "1.8.0",
  "serial": 100,
  "lineage": "b632588e-c276-eda4-d5be-1a7b918f0ebc",
  "outputs": {
    "cluster_1_info": {
      "value": {
        "name": "gke-us-central1",
        "region": "us-central1"
      },
      "type": [
        "object",
        {
          "name": "string",
          "region": "string"
        }
      ]
    },
    "cluster_2_info": {
      "value": {
        "name": "gke-eu-west1",
        "region": "europe-west1"
      },
      "type": [
        "object",
        {
          "name": "string",
          "region": "string"
        }
      ]
    },
    "fleet_name": {
      "value": "gke-multi-region-fleet",
      "type": "string"
    },
    "vpc_1_name": {
      "value": "vpc-1",
      "type": "string"
    },
    "vpc_2_name": {
      "value": "vpc-2",
      "type": "string"
    }
  },
  "resources": [
    {
      "mode": "managed",
      "type": "google_compute_network",
      "name": "vpc_1",
      "provider": "provider[\"registry.terraform.io/hashicorp/google\"]",
      "instances": [
        {
          "schema_version": 0,
          "attributes": {
            "auto_create_subnetworks": false,
            "bgp_always_compare_med": false,
            "bgp_best_path_selection_mode": "LEGACY",
            "bgp_inter_region_cost": "",
            "delete_default_routes_on_create": false,
            "description": "",
            "enable_ula_internal_ipv6": false,
            "gateway_ipv4": "",
            "id": "projects/dav-training-lnx-34e2/global/networks/vpc-1",
            "internal_ipv6_range": "",
            "mtu": 0,
            "name": "vpc-1",
            "network_firewall_policy_enforcement_order": "AFTER_CLASSIC_FIREWALL",
            "network_id": "5825122782121371286",
            "network_profile": "",
            "numeric_id": "5825122782121371286",
            "project": "dav-training-lnx-34e2",
            "routing_mode": "REGIONAL",
            "self_link": "https://www.googleapis.com/compute/v1/projects/dav-training-lnx-34e2/global/networks/vpc-1",
            "timeouts": null
          },
          "sensitive_attributes": [],
          "private": "eyJlMmJmYjczMC1lY2FhLTExZTYtOGY4OC0zNDM2M2JjN2M0YzAiOnsiY3JlYXRlIjoxMjAwMDAwMDAwMDAwLCJkZWxldGUiOjEyMDAwMDAwMDAwMDAsInVwZGF0ZSI6MTIwMDAwMDAwMDAwMH19"
        }
      ]
    },
    {
      "mode": "managed",
      "type": "google_compute_network",
      "name": "vpc_2",
      "provider": "provider[\"registry.terraform.io/hashicorp/google\"]",
      "instances": [
        {
          "schema_version": 0,
          "attributes": {
            "auto_create_subnetworks": false,
            "bgp_always_compare_med": false,
            "bgp_best_path_selection_mode": "LEGACY",
            "bgp_inter_region_cost": "",
            "delete_default_routes_on_create": false,
            "description": "",
            "enable_ula_internal_ipv6": false,
            "gateway_ipv4": "",
            "id": "projects/dav-training-lnx-34e2/global/networks/vpc-2",
            "internal_ipv6_range": "",
            "mtu": 0,
            "name": "vpc-2",
            "network_firewall_policy_enforcement_order": "AFTER_CLASSIC_FIREWALL",
            "network_id": "5900836007508518550",
            "network_profile": "",
            "numeric_id": "5900836007508518550",
            "project": "dav-training-lnx-34e2",
            "routing_mode": "REGIONAL",
            "self_link": "https://www.googleapis.com/compute/v1/projects/dav-training-lnx-34e2/global/networks/vpc-2",
            "timeouts": null
          },
          "sensitive_attributes": [],
          "private": "eyJlMmJmYjczMC1lY2FhLTExZTYtOGY4OC0zNDM2M2JjN2M0YzAiOnsiY3JlYXRlIjoxMjAwMDAwMDAwMDAwLCJkZWxldGUiOjEyMDAwMDAwMDAwMDAsInVwZGF0ZSI6MTIwMDAwMDAwMDAwMH19"
        }
      ]
    },
    {
      "mode": "managed",
      "type": "google_compute_subnetwork",
      "name": "subnet_1",
      "provider": "provider[\"registry.terraform.io/hashicorp/google\"]",
      "instances": [
        {
          "schema_version": 0,
          "attributes": {
            "creation_timestamp": "2025-03-08T11:20:37.428-08:00",
            "description": "",
            "external_ipv6_prefix": "",
            "fingerprint": null,
            "gateway_address": "10.10.0.1",
            "id": "projects/dav-training-lnx-34e2/regions/us-central1/subnetworks/vpc-1-subnet",
            "internal_ipv6_prefix": "",
            "ip_cidr_range": "10.10.0.0/16",
            "ipv6_access_type": "",
            "ipv6_cidr_range": "",
            "log_config": [],
            "name": "vpc-1-subnet",
            "network": "https://www.googleapis.com/compute/v1/projects/dav-training-lnx-34e2/global/networks/vpc-1",
            "private_ip_google_access": true,
            "private_ipv6_google_access": "DISABLE_GOOGLE_ACCESS",
            "project": "dav-training-lnx-34e2",
            "purpose": "PRIVATE",
            "region": "us-central1",
            "reserved_internal_range": "",
            "role": "",
            "secondary_ip_range": [
              {
                "ip_cidr_range": "10.50.0.0/16",
                "range_name": "pods-range-1",
                "reserved_internal_range": ""
              },
              {
                "ip_cidr_range": "10.51.0.0/16",
                "range_name": "services-range-1",
                "reserved_internal_range": ""
              }
            ],
            "self_link": "https://www.googleapis.com/compute/v1/projects/dav-training-lnx-34e2/regions/us-central1/subnetworks/vpc-1-subnet",
            "send_secondary_ip_range_if_empty": null,
            "stack_type": "IPV4_ONLY",
            "subnetwork_id": 7886271050531546730,
            "timeouts": null
          },
          "sensitive_attributes": [],
          "private": "eyJlMmJmYjczMC1lY2FhLTExZTYtOGY4OC0zNDM2M2JjN2M0YzAiOnsiY3JlYXRlIjoxMjAwMDAwMDAwMDAwLCJkZWxldGUiOjEyMDAwMDAwMDAwMDAsInVwZGF0ZSI6MTIwMDAwMDAwMDAwMH19",
          "dependencies": [
            "google_compute_network.vpc_1"
          ]
        }
      ]
    },
    {
      "mode": "managed",
      "type": "google_compute_subnetwork",
      "name": "subnet_2",
      "provider": "provider[\"registry.terraform.io/hashicorp/google\"]",
      "instances": [
        {
          "schema_version": 0,
          "attributes": {
            "creation_timestamp": "2025-03-08T11:20:37.416-08:00",
            "description": "",
            "external_ipv6_prefix": "",
            "fingerprint": null,
            "gateway_address": "10.20.0.1",
            "id": "projects/dav-training-lnx-34e2/regions/europe-west1/subnetworks/vpc-2-subnet",
            "internal_ipv6_prefix": "",
            "ip_cidr_range": "10.20.0.0/16",
            "ipv6_access_type": "",
            "ipv6_cidr_range": "",
            "log_config": [],
            "name": "vpc-2-subnet",
            "network": "https://www.googleapis.com/compute/v1/projects/dav-training-lnx-34e2/global/networks/vpc-2",
            "private_ip_google_access": true,
            "private_ipv6_google_access": "DISABLE_GOOGLE_ACCESS",
            "project": "dav-training-lnx-34e2",
            "purpose": "PRIVATE",
            "region": "europe-west1",
            "reserved_internal_range": "",
            "role": "",
            "secondary_ip_range": [
              {
                "ip_cidr_range": "10.60.0.0/16",
                "range_name": "pods-range-2",
                "reserved_internal_range": ""
              },
              {
                "ip_cidr_range": "10.61.0.0/16",
                "range_name": "services-range-2",
                "reserved_internal_range": ""
              }
            ],
            "self_link": "https://www.googleapis.com/compute/v1/projects/dav-training-lnx-34e2/regions/europe-west1/subnetworks/vpc-2-subnet",
            "send_secondary_ip_range_if_empty": null,
            "stack_type": "IPV4_ONLY",
            "subnetwork_id": 5646538535874930282,
            "timeouts": null
          },
          "sensitive_attributes": [],
          "private": "eyJlMmJmYjczMC1lY2FhLTExZTYtOGY4OC0zNDM2M2JjN2M0YzAiOnsiY3JlYXRlIjoxMjAwMDAwMDAwMDAwLCJkZWxldGUiOjEyMDAwMDAwMDAwMDAsInVwZGF0ZSI6MTIwMDAwMDAwMDAwMH19",
          "dependencies": [
            "google_compute_network.vpc_2"
          ]
        }
      ]
    },
    {
      "mode": "managed",
      "type": "google_container_cluster",
      "name": "gke_cluster_1",
      "provider": "provider[\"registry.terraform.io/hashicorp/google\"]",
      "instances": [
        {
          "schema_version": 2,
          "attributes": {
            "addons_config": [
              {
                "cloudrun_config": [],
                "config_connector_config": [],
                "dns_cache_config": [],
                "gce_persistent_disk_csi_driver_config": [
                  {
                    "enabled": true
                  }
                ],
                "gcp_filestore_csi_driver_config": [],
                "gcs_fuse_csi_driver_config": [],
                "gke_backup_agent_config": [],
                "horizontal_pod_autoscaling": [],
                "http_load_balancing": [],
                "network_policy_config": [
                  {
                    "disabled": true
                  }
                ],
                "parallelstore_csi_driver_config": [],
                "ray_operator_config": [],
                "stateful_ha_config": []
              }
            ],
            "allow_net_admin": null,
            "authenticator_groups_config": [],
            "binary_authorization": [
              {
                "enabled": false,
                "evaluation_mode": ""
              }
            ],
            "cluster_autoscaling": [
              {
                "auto_provisioning_defaults": [],
                "auto_provisioning_locations": [],
                "autoscaling_profile": "BALANCED",
                "enabled": false,
                "resource_limits": []
              }
            ],
            "cluster_ipv4_cidr": "10.50.0.0/16",
            "confidential_nodes": [],
            "control_plane_endpoints_config": [
              {
                "dns_endpoint_config": [
                  {
                    "allow_external_traffic": false,
                    "endpoint": "gke-a780492f0b2b40d491dc9f82f4240c036ebc-564247751872.us-central1.gke.goog"
                  }
                ]
              }
            ],
            "cost_management_config": [],
            "database_encryption": [
              {
                "key_name": "",
                "state": "DECRYPTED"
              }
            ],
            "datapath_provider": "",
            "default_max_pods_per_node": 110,
            "default_snat_status": [
              {
                "disabled": false
              }
            ],
            "deletion_protection": false,
            "description": "",
            "dns_config": [],
            "effective_labels": {
              "goog-terraform-provisioned": "true"
            },
            "enable_autopilot": false,
            "enable_cilium_clusterwide_network_policy": false,
            "enable_fqdn_network_policy": false,
            "enable_intranode_visibility": false,
            "enable_k8s_beta_apis": [],
            "enable_kubernetes_alpha": false,
            "enable_l4_ilb_subsetting": false,
            "enable_legacy_abac": false,
            "enable_multi_networking": false,
            "enable_shielded_nodes": true,
            "enable_tpu": false,
            "endpoint": "34.170.110.105",
            "enterprise_config": [
              {
                "cluster_tier": "STANDARD",
                "desired_tier": ""
              }
            ],
            "fleet": [],
            "gateway_api_config": [],
            "id": "projects/dav-training-lnx-34e2/locations/us-central1/clusters/gke-us-central1",
            "identity_service_config": [],
            "initial_node_count": 1,
            "ip_allocation_policy": [
              {
                "additional_pod_ranges_config": [],
                "cluster_ipv4_cidr_block": "10.50.0.0/16",
                "cluster_secondary_range_name": "pods-range-1",
                "pod_cidr_overprovision_config": [
                  {
                    "disabled": false
                  }
                ],
                "services_ipv4_cidr_block": "10.51.0.0/16",
                "services_secondary_range_name": "services-range-1",
                "stack_type": "IPV4"
              }
            ],
            "label_fingerprint": "78cdf2f6",
            "location": "us-central1",
            "logging_config": [
              {
                "enable_components": [
                  "SYSTEM_COMPONENTS",
                  "WORKLOADS"
                ]
              }
            ],
            "logging_service": "logging.googleapis.com/kubernetes",
            "maintenance_policy": [],
            "master_auth": [
              {
                "client_certificate": "",
                "client_certificate_config": [
                  {
                    "issue_client_certificate": false
                  }
                ],
                "client_key": "",
                "cluster_ca_certificate": "LS0tLS1CRUdJTiBDRVJUSUZJQ0FURS0tLS0tCk1JSUVMRENDQXBTZ0F3SUJBZ0lRVmQwQm1CaXdoN21HTjJhRkFVN0F1akFOQmdrcWhraUc5dzBCQVFzRkFEQXYKTVMwd0t3WURWUVFERXlRMFpHWmhOelkyWVMxaVpqSTVMVFJpWVdFdFltWXlPUzA1TldSaVkyRmhPVFl5WkRndwpJQmNOTWpVd016QTRNakF3TnpNeVdoZ1BNakExTlRBek1ERXlNVEEzTXpKYU1DOHhMVEFyQmdOVkJBTVRKRFJrClptRTNOalpoTFdKbU1qa3ROR0poWVMxaVpqSTVMVGsxWkdKallXRTVOakprT0RDQ0FhSXdEUVlKS29aSWh2Y04KQVFFQkJRQURnZ0dQQURDQ0FZb0NnZ0dCQU85MlNzVXFwZkdUcnFoaEF5MmZObENPd3ByZlhUbGNka2kyUFR2SQpJbFRUNWp4cEQveFhBcnBRNzVySkYyakpwWWF6SElJWjVIWSsxUXkrRElWMFphR3A2TFByTjR4OEE3a0ZpMStlCkN1SGtGNTM2YnFGUTdVM0dVamtVYytWR0tkQkZDeDVXUTdjZlhwTEE1UjFZZk1xbDFETG14Q251dzRTSS9TUE0KOWpsVDlFQ1pUVTJpYlJPM3pYVyswVCtkaUJGQjhSMFFFREJWL1d6OTdSam1BK2cyZ3RuWUNUejBEd3Zkb2NEdwpSOTkxUjlyaklnRlUwTGJvcUE2WFh1Y0RpcVNXS1lWNXZUbHd0cFNGYUUyQ0o1MzBQRERubWpXVTFXUkpCMWJMCnYzdGw0djhQM2NEZEI3eE0yRFMzekliWEhJakg3S0V2MnFYZ3FCQk5VcmNiVnF4U2NLSHAyNmpYbjhaNWJnbHQKRlZYdHViZ25MTXRramE0VlNnR1JHeElCajFZdUlCMHpIemF0Y2RzMUdQYkVJNUNHV2xqa1JBSVBwdVViZE4vZAoyZ2tjaHEvYVRDc0NhcUhxT0tRVXRjZEtGQklqQVh4L282ZzVERTdZejA4aDJHcFppOHhETjJhMkZkajh1WlFSCnNaaG8wOUFWS0sxZWhpcUxHWCtRSTNtVlh3SURBUUFCbzBJd1FEQU9CZ05WSFE4QkFmOEVCQU1DQWdRd0R3WUQKVlIwVEFRSC9CQVV3QXdFQi96QWRCZ05WSFE0RUZnUVUwdUh1OGZIZXNvUkVZWFBBZzVQRUdUcHowVjh3RFFZSgpLb1pJaHZjTkFRRUxCUUFEZ2dHQkFKUDR2S0NZSVIyeEJIRUs0NzdBc1NmSEthVno5cmdsYTl3N2lUWkllcjJRCmswZWJqNnd5d00yNmtla2E1T1hGaGhXNXR2MXhvVk1NQkE2TytTeGl4RC9sVmxlaG9DL2tBUkFSMDRROWFoM2oKRkhXcVN4dEk5MWQ4V2xhODlvTWx0ekNxZnZrRnR2NklRV09CNStDeU5hVWVFZ1plVVF6VldWZVZ6UDJ5U0VvTAozK3Z5NDhpb1lBK1RwRHpVK3FIaHFEQWE2QmVPMEcvUkJQZVN6SXJQUXlkYUsrRnVyNWFYOUppYllyYnk1WVphCjRTbHZ3UVVSVkppS0lMUm5BNkNZRDJjTzJUZllpaGRhcmI4SEgwdWdCWTZPdGd5U1ozUHJMNFlQZFFyeHcwRHUKaHdGZHkvRFJwb1ZmbUtXNFVlaUV2OTVBUE9sWUZDT0hUYlQ3dFVoVndMS3JnUklHMUxrWllJQ012YmJsb3ZXUAp6REJOd2lCZ29ucDB3am4yYnpaTnZEdCtuZnpuemttRkVpalN0T2J0ZEVJajhxbmlXMHdvQkJvT09MQnRnM1BHClhza3VVZkI1R2tkdXQ4Rkt0a3p3QjNvTjdTdldaeGg4eGoxbHNhVEV3NFNQamtmUGxzQzFNeGlzRGp4WENLWTQKSlllZUVrQkpGVEN0akZyaDRXalJrZz09Ci0tLS0tRU5EIENFUlRJRklDQVRFLS0tLS0K"
              }
            ],
            "master_authorized_networks_config": [],
            "master_version": "1.31.5-gke.1169000",
            "mesh_certificates": [],
            "min_master_version": null,
            "monitoring_config": [
              {
                "advanced_datapath_observability_config": [
                  {
                    "enable_metrics": false,
                    "enable_relay": false
                  }
                ],
                "enable_components": [
                  "SYSTEM_COMPONENTS",
                  "HPA",
                  "POD",
                  "DAEMONSET",
                  "DEPLOYMENT",
                  "STATEFULSET",
                  "STORAGE",
                  "CADVISOR",
                  "KUBELET"
                ],
                "managed_prometheus": [
                  {
                    "enabled": true
                  }
                ]
              }
            ],
            "monitoring_service": "monitoring.googleapis.com/kubernetes",
            "name": "gke-us-central1",
            "network": "projects/dav-training-lnx-34e2/global/networks/vpc-1",
            "network_policy": [
              {
                "enabled": false,
                "provider": "PROVIDER_UNSPECIFIED"
              }
            ],
            "networking_mode": "VPC_NATIVE",
            "node_config": [],
            "node_locations": [
              "us-central1-a",
              "us-central1-b",
              "us-central1-f"
            ],
            "node_pool": [],
            "node_pool_auto_config": [],
            "node_pool_defaults": [
              {
                "node_config_defaults": [
                  {
                    "containerd_config": [],
                    "gcfs_config": [],
                    "insecure_kubelet_readonly_port_enabled": "FALSE",
                    "logging_variant": "DEFAULT"
                  }
                ]
              }
            ],
            "node_version": "1.31.5-gke.1169000",
            "notification_config": [
              {
                "pubsub": [
                  {
                    "enabled": false,
                    "filter": [],
                    "topic": ""
                  }
                ]
              }
            ],
            "operation": null,
            "private_cluster_config": [
              {
                "enable_private_endpoint": false,
                "enable_private_nodes": false,
                "master_global_access_config": [
                  {
                    "enabled": false
                  }
                ],
                "master_ipv4_cidr_block": "",
                "peering_name": "",
                "private_endpoint": "10.10.0.9",
                "private_endpoint_subnetwork": "",
                "public_endpoint": "34.170.110.105"
              }
            ],
            "private_ipv6_google_access": "",
            "project": "dav-training-lnx-34e2",
            "release_channel": [
              {
                "channel": "REGULAR"
              }
            ],
            "remove_default_node_pool": true,
            "resource_labels": null,
            "resource_usage_export_config": [],
            "secret_manager_config": [
              {
                "enabled": false
              }
            ],
            "security_posture_config": [
              {
                "mode": "BASIC",
                "vulnerability_mode": "VULNERABILITY_MODE_UNSPECIFIED"
              }
            ],
            "self_link": "https://container.googleapis.com/v1/projects/dav-training-lnx-34e2/locations/us-central1/clusters/gke-us-central1",
            "service_external_ips_config": [
              {
                "enabled": false
              }
            ],
            "services_ipv4_cidr": "10.51.0.0/16",
            "subnetwork": "projects/dav-training-lnx-34e2/regions/us-central1/subnetworks/vpc-1-subnet",
            "terraform_labels": {
              "goog-terraform-provisioned": "true"
            },
            "timeouts": null,
            "tpu_ipv4_cidr_block": "",
            "user_managed_keys_config": [],
            "vertical_pod_autoscaling": [],
            "workload_identity_config": []
          },
          "sensitive_attributes": [
            [
              {
                "type": "get_attr",
                "value": "master_auth"
              },
              {
                "type": "index",
                "value": {
                  "value": 0,
                  "type": "number"
                }
              },
              {
                "type": "get_attr",
                "value": "client_key"
              }
            ]
          ],
          "private": "eyJlMmJmYjczMC1lY2FhLTExZTYtOGY4OC0zNDM2M2JjN2M0YzAiOnsiY3JlYXRlIjoyNDAwMDAwMDAwMDAwLCJkZWxldGUiOjI0MDAwMDAwMDAwMDAsInJlYWQiOjI0MDAwMDAwMDAwMDAsInVwZGF0ZSI6MzYwMDAwMDAwMDAwMH0sInNjaGVtYV92ZXJzaW9uIjoiMiJ9",
          "dependencies": [
            "google_compute_network.vpc_1",
            "google_compute_subnetwork.subnet_1"
          ]
        }
      ]
    },
    {
      "mode": "managed",
      "type": "google_container_cluster",
      "name": "gke_cluster_2",
      "provider": "provider[\"registry.terraform.io/hashicorp/google\"]",
      "instances": [
        {
          "schema_version": 2,
          "attributes": {
            "addons_config": [
              {
                "cloudrun_config": [],
                "config_connector_config": [],
                "dns_cache_config": [],
                "gce_persistent_disk_csi_driver_config": [
                  {
                    "enabled": true
                  }
                ],
                "gcp_filestore_csi_driver_config": [],
                "gcs_fuse_csi_driver_config": [],
                "gke_backup_agent_config": [],
                "horizontal_pod_autoscaling": [],
                "http_load_balancing": [],
                "network_policy_config": [
                  {
                    "disabled": true
                  }
                ],
                "parallelstore_csi_driver_config": [],
                "ray_operator_config": [],
                "stateful_ha_config": []
              }
            ],
            "allow_net_admin": null,
            "authenticator_groups_config": [],
            "binary_authorization": [
              {
                "enabled": false,
                "evaluation_mode": ""
              }
            ],
            "cluster_autoscaling": [
              {
                "auto_provisioning_defaults": [],
                "auto_provisioning_locations": [],
                "autoscaling_profile": "BALANCED",
                "enabled": false,
                "resource_limits": []
              }
            ],
            "cluster_ipv4_cidr": "10.60.0.0/16",
            "confidential_nodes": [],
            "control_plane_endpoints_config": [
              {
                "dns_endpoint_config": [
                  {
                    "allow_external_traffic": false,
                    "endpoint": "gke-8ba697ab22cc4fe0902a847070527a0449c9-564247751872.europe-west1.gke.goog"
                  }
                ]
              }
            ],
            "cost_management_config": [],
            "database_encryption": [
              {
                "key_name": "",
                "state": "DECRYPTED"
              }
            ],
            "datapath_provider": "",
            "default_max_pods_per_node": 110,
            "default_snat_status": [
              {
                "disabled": false
              }
            ],
            "deletion_protection": false,
            "description": "",
            "dns_config": [],
            "effective_labels": {
              "goog-terraform-provisioned": "true"
            },
            "enable_autopilot": false,
            "enable_cilium_clusterwide_network_policy": false,
            "enable_fqdn_network_policy": false,
            "enable_intranode_visibility": false,
            "enable_k8s_beta_apis": [],
            "enable_kubernetes_alpha": false,
            "enable_l4_ilb_subsetting": false,
            "enable_legacy_abac": false,
            "enable_multi_networking": false,
            "enable_shielded_nodes": true,
            "enable_tpu": false,
            "endpoint": "35.195.6.226",
            "enterprise_config": [
              {
                "cluster_tier": "STANDARD",
                "desired_tier": ""
              }
            ],
            "fleet": [],
            "gateway_api_config": [],
            "id": "projects/dav-training-lnx-34e2/locations/europe-west1/clusters/gke-eu-west1",
            "identity_service_config": [],
            "initial_node_count": 1,
            "ip_allocation_policy": [
              {
                "additional_pod_ranges_config": [],
                "cluster_ipv4_cidr_block": "10.60.0.0/16",
                "cluster_secondary_range_name": "pods-range-2",
                "pod_cidr_overprovision_config": [
                  {
                    "disabled": false
                  }
                ],
                "services_ipv4_cidr_block": "10.61.0.0/16",
                "services_secondary_range_name": "services-range-2",
                "stack_type": "IPV4"
              }
            ],
            "label_fingerprint": "78cdf2f6",
            "location": "europe-west1",
            "logging_config": [
              {
                "enable_components": [
                  "SYSTEM_COMPONENTS",
                  "WORKLOADS"
                ]
              }
            ],
            "logging_service": "logging.googleapis.com/kubernetes",
            "maintenance_policy": [],
            "master_auth": [
              {
                "client_certificate": "",
                "client_certificate_config": [
                  {
                    "issue_client_certificate": false
                  }
                ],
                "client_key": "",
                "cluster_ca_certificate": "LS0tLS1CRUdJTiBDRVJUSUZJQ0FURS0tLS0tCk1JSUVMRENDQXBTZ0F3SUJBZ0lRZVZuMm95cUpFK2lUcCtIZEYzMDhTREFOQmdrcWhraUc5dzBCQVFzRkFEQXYKTVMwd0t3WURWUVFERXlSaE1UUXhPV1JoTmkxaFpXTTBMVFJtT0dRdFlXUTJZUzAwTm1Ga05HRmlZbVkwTVRjdwpJQmNOTWpVd016QTRNakF3TnpNeldoZ1BNakExTlRBek1ERXlNVEEzTXpOYU1DOHhMVEFyQmdOVkJBTVRKR0V4Ck5ERTVaR0UyTFdGbFl6UXROR1k0WkMxaFpEWmhMVFEyWVdRMFlXSmlaalF4TnpDQ0FhSXdEUVlKS29aSWh2Y04KQVFFQkJRQURnZ0dQQURDQ0FZb0NnZ0dCQU45TXh4RnNSNnlPa0JBeUY5enNnTWgyL0FWZDh6WE5jeXBjaEJQOQpsM1RyRDV3K3JDdlZJY0hPc0lPcTlQei93L0s1eXBnSnJ3QXlDc3IvSmtJTWVLaXRBVTBoeEFYU3d4cUU3YkY1CnJXSHdRZTQrcEE0TlNUQ3IzeXFPMTdkYmdiS2I4RGtPUnNjQVh2cmJnT3RBcmRYU0YwTGFqR05vQ3lsSitHbGkKVnJvd0hvME9pWEFKMnpGbWZJblBKTDlEY0ZWY2RnVnk1WWZzM01NRllOd3o5eklibloxbk5CZlBwaHZFOTkwaApPK1FYRlZXbi9HVEwxbWdwbXZKVzJCWXh1dzJLTkluNkptZHJNRnpDb21LNE92N0FXN0I2WEt4MG9pNk8wR0syCjhpakVpam0rYjdUUndDekMyc0NvRWUzNStVcGxwME13UkVqNjhqVGRJODQwWC9WVVd4TVpERVVNQytESkY3ZlcKdllid0kxVmZwU0s4NXlHeTBESTFNRUxFNTZpTWRrb25RSjdOTG81N2hKVCt4VjMwYWdCb2pncFBab096WllWcApVR0dCREMxa0tuQTloUDAvZzRjTlc0eXpTQVg1bFQwOTNKRGg4dkZlemswbysxeldWUzZnaDYyNVQvcFl6cjNECk5mM1BRVFcxTTd0V29sb0lJRkk5U2Ftb2JRSURBUUFCbzBJd1FEQU9CZ05WSFE4QkFmOEVCQU1DQWdRd0R3WUQKVlIwVEFRSC9CQVV3QXdFQi96QWRCZ05WSFE0RUZnUVVldVIzblJLd1lZNHBKbnBmdlMyYUJZTHNwS1l3RFFZSgpLb1pJaHZjTkFRRUxCUUFEZ2dHQkFEbm9maXd3VFpIWG0xemxraTlrYzhxQTFOYXFhcVczRFgveXBTN3crdlBGCkRzZ1V2YTBpMmU3S3VuZHZldnNUSm5HWEdZa1l4RDVQUWhrNGZpbUJ6eHEzQ2NKVGVQR05uRkFFQzFuL29mQVMKclE4MWxIZnpaTXhnZFovQStKMUhIMFpLSzRNWmhhVVg2VGhueXNld2NVcjZHYUJsOFp0c0FBeGhNcGRna2dnSwpRMjVheGphT3J6NEJ3bCt6M0hCeWZoVWpwMGZTUnBQcXAzQlRvYlo4V1hmeHhFOTcrV2p5SlRoRWthWFNaS2RnCk9SL3hxaUlobldvQ3JBTy9SeFNhVE01TXN4dWJjM0dGZldCMWtUY2pIM1BCVWxpVHFsWVh2ZmZsWWpRQk9NQUcKV1FIbWc0ZzNDTTlKNm1zL2wzeHFlT1BRSndBT2xmUkRnZ0pQQzFCTm5pdVBHT0x3bzd2dk1iRzY3RCtkREI0VAo3VlVCTk8rSHZFZk9KRkNZcW1RbFIvUHlmcWRCK0xxbmt4aEVjd1BqUWd2TktYTWloZVNVOHBXamZESHpleWR0CkZ1RjB5Q2dpajcxU24raEN6NmdhNUVRSlp3aE9TK3cwd0diQUF2N1JVTkFxNEpLbjlMb0ZPeTZiVnN3eFNnN3QKZlFwV1l3OEdzN2JRbEEzRitJdmJPQT09Ci0tLS0tRU5EIENFUlRJRklDQVRFLS0tLS0K"
              }
            ],
            "master_authorized_networks_config": [],
            "master_version": "1.31.5-gke.1233000",
            "mesh_certificates": [],
            "min_master_version": null,
            "monitoring_config": [
              {
                "advanced_datapath_observability_config": [
                  {
                    "enable_metrics": false,
                    "enable_relay": false
                  }
                ],
                "enable_components": [
                  "SYSTEM_COMPONENTS",
                  "DEPLOYMENT",
                  "STATEFULSET",
                  "STORAGE",
                  "HPA",
                  "POD",
                  "DAEMONSET",
                  "CADVISOR",
                  "KUBELET"
                ],
                "managed_prometheus": [
                  {
                    "enabled": true
                  }
                ]
              }
            ],
            "monitoring_service": "monitoring.googleapis.com/kubernetes",
            "name": "gke-eu-west1",
            "network": "projects/dav-training-lnx-34e2/global/networks/vpc-2",
            "network_policy": [
              {
                "enabled": false,
                "provider": "PROVIDER_UNSPECIFIED"
              }
            ],
            "networking_mode": "VPC_NATIVE",
            "node_config": [],
            "node_locations": [
              "europe-west1-b",
              "europe-west1-c",
              "europe-west1-d"
            ],
            "node_pool": [],
            "node_pool_auto_config": [],
            "node_pool_defaults": [
              {
                "node_config_defaults": [
                  {
                    "containerd_config": [],
                    "gcfs_config": [],
                    "insecure_kubelet_readonly_port_enabled": "FALSE",
                    "logging_variant": "DEFAULT"
                  }
                ]
              }
            ],
            "node_version": "1.31.5-gke.1233000",
            "notification_config": [
              {
                "pubsub": [
                  {
                    "enabled": false,
                    "filter": [],
                    "topic": ""
                  }
                ]
              }
            ],
            "operation": null,
            "private_cluster_config": [
              {
                "enable_private_endpoint": false,
                "enable_private_nodes": false,
                "master_global_access_config": [
                  {
                    "enabled": false
                  }
                ],
                "master_ipv4_cidr_block": "",
                "peering_name": "",
                "private_endpoint": "10.20.0.10",
                "private_endpoint_subnetwork": "",
                "public_endpoint": "35.195.6.226"
              }
            ],
            "private_ipv6_google_access": "",
            "project": "dav-training-lnx-34e2",
            "release_channel": [
              {
                "channel": "REGULAR"
              }
            ],
            "remove_default_node_pool": true,
            "resource_labels": null,
            "resource_usage_export_config": [],
            "secret_manager_config": [
              {
                "enabled": false
              }
            ],
            "security_posture_config": [
              {
                "mode": "BASIC",
                "vulnerability_mode": "VULNERABILITY_MODE_UNSPECIFIED"
              }
            ],
            "self_link": "https://container.googleapis.com/v1/projects/dav-training-lnx-34e2/locations/europe-west1/clusters/gke-eu-west1",
            "service_external_ips_config": [
              {
                "enabled": false
              }
            ],
            "services_ipv4_cidr": "10.61.0.0/16",
            "subnetwork": "projects/dav-training-lnx-34e2/regions/europe-west1/subnetworks/vpc-2-subnet",
            "terraform_labels": {
              "goog-terraform-provisioned": "true"
            },
            "timeouts": null,
            "tpu_ipv4_cidr_block": "",
            "user_managed_keys_config": [],
            "vertical_pod_autoscaling": [],
            "workload_identity_config": []
          },
          "sensitive_attributes": [
            [
              {
                "type": "get_attr",
                "value": "master_auth"
              },
              {
                "type": "index",
                "value": {
                  "value": 0,
                  "type": "number"
                }
              },
              {
                "type": "get_attr",
                "value": "client_key"
              }
            ]
          ],
          "private": "eyJlMmJmYjczMC1lY2FhLTExZTYtOGY4OC0zNDM2M2JjN2M0YzAiOnsiY3JlYXRlIjoyNDAwMDAwMDAwMDAwLCJkZWxldGUiOjI0MDAwMDAwMDAwMDAsInJlYWQiOjI0MDAwMDAwMDAwMDAsInVwZGF0ZSI6MzYwMDAwMDAwMDAwMH0sInNjaGVtYV92ZXJzaW9uIjoiMiJ9",
          "dependencies": [
            "google_compute_network.vpc_2",
            "google_compute_subnetwork.subnet_2"
          ]
        }
      ]
    },
    {
      "mode": "managed",
      "type": "google_container_node_pool",
      "name": "node_pool_1",
      "provider": "provider[\"registry.terraform.io/hashicorp/google\"]",
      "instances": [
        {
          "schema_version": 1,
          "attributes": {
            "autoscaling": [],
            "cluster": "projects/dav-training-lnx-34e2/locations/us-central1/clusters/gke-us-central1",
            "id": "projects/dav-training-lnx-34e2/locations/us-central1/clusters/gke-us-central1/nodePools/gke-us-central1-node-pool",
            "initial_node_count": 1,
            "instance_group_urls": [
              "https://www.googleapis.com/compute/v1/projects/dav-training-lnx-34e2/zones/us-central1-b/instanceGroupManagers/gke-gke-us-central1-gke-us-central1-n-34dc8992-grp",
              "https://www.googleapis.com/compute/v1/projects/dav-training-lnx-34e2/zones/us-central1-a/instanceGroupManagers/gke-gke-us-central1-gke-us-central1-n-7489650a-grp",
              "https://www.googleapis.com/compute/v1/projects/dav-training-lnx-34e2/zones/us-central1-f/instanceGroupManagers/gke-gke-us-central1-gke-us-central1-n-7207e3f8-grp"
            ],
            "location": "us-central1",
            "managed_instance_group_urls": [
              "https://www.googleapis.com/compute/v1/projects/dav-training-lnx-34e2/zones/us-central1-b/instanceGroups/gke-gke-us-central1-gke-us-central1-n-34dc8992-grp",
              "https://www.googleapis.com/compute/v1/projects/dav-training-lnx-34e2/zones/us-central1-a/instanceGroups/gke-gke-us-central1-gke-us-central1-n-7489650a-grp",
              "https://www.googleapis.com/compute/v1/projects/dav-training-lnx-34e2/zones/us-central1-f/instanceGroups/gke-gke-us-central1-gke-us-central1-n-7207e3f8-grp"
            ],
            "management": [
              {
                "auto_repair": true,
                "auto_upgrade": true
              }
            ],
            "max_pods_per_node": 110,
            "name": "gke-us-central1-node-pool",
            "name_prefix": "",
            "network_config": [
              {
                "additional_node_network_configs": [],
                "additional_pod_network_configs": [],
                "create_pod_range": false,
                "enable_private_nodes": false,
                "network_performance_config": [],
                "pod_cidr_overprovision_config": [],
                "pod_ipv4_cidr_block": "10.50.0.0/16",
                "pod_range": "pods-range-1"
              }
            ],
            "node_config": [
              {
                "advanced_machine_features": [],
                "boot_disk_kms_key": "",
                "confidential_nodes": [],
                "containerd_config": [],
                "disk_size_gb": 100,
                "disk_type": "pd-balanced",
                "effective_taints": [],
                "enable_confidential_storage": false,
                "ephemeral_storage_local_ssd_config": [],
                "fast_socket": [],
                "gcfs_config": [],
                "guest_accelerator": [],
                "gvnic": [],
                "host_maintenance_policy": [],
                "image_type": "COS_CONTAINERD",
                "kubelet_config": [
                  {
                    "allowed_unsafe_sysctls": [],
                    "container_log_max_files": 0,
                    "container_log_max_size": "",
                    "cpu_cfs_quota": false,
                    "cpu_cfs_quota_period": "",
                    "cpu_manager_policy": "",
                    "image_gc_high_threshold_percent": 0,
                    "image_gc_low_threshold_percent": 0,
                    "image_maximum_gc_age": "",
                    "image_minimum_gc_age": "",
                    "insecure_kubelet_readonly_port_enabled": "TRUE",
                    "pod_pids_limit": 0
                  }
                ],
                "labels": {},
                "linux_node_config": [],
                "local_nvme_ssd_block_config": [],
                "local_ssd_count": 0,
                "local_ssd_encryption_mode": "",
                "logging_variant": "DEFAULT",
                "machine_type": "e2-medium",
                "max_run_duration": "",
                "metadata": {
                  "disable-legacy-endpoints": "true"
                },
                "min_cpu_platform": "",
                "node_group": "",
                "oauth_scopes": [
                  "https://www.googleapis.com/auth/devstorage.read_only",
                  "https://www.googleapis.com/auth/logging.write",
                  "https://www.googleapis.com/auth/monitoring",
                  "https://www.googleapis.com/auth/service.management.readonly",
                  "https://www.googleapis.com/auth/servicecontrol",
                  "https://www.googleapis.com/auth/trace.append"
                ],
                "preemptible": true,
                "reservation_affinity": [],
                "resource_labels": {
                  "goog-gke-node-pool-provisioning-model": "spot"
                },
                "resource_manager_tags": null,
                "secondary_boot_disks": [],
                "service_account": "default",
                "shielded_instance_config": [
                  {
                    "enable_integrity_monitoring": true,
                    "enable_secure_boot": false
                  }
                ],
                "sole_tenant_config": [],
                "spot": false,
                "storage_pools": null,
                "tags": null,
                "taint": [],
                "workload_metadata_config": []
              }
            ],
            "node_count": 1,
            "node_locations": [
              "us-central1-a",
              "us-central1-b",
              "us-central1-f"
            ],
            "operation": null,
            "placement_policy": [],
            "project": "dav-training-lnx-34e2",
            "queued_provisioning": [],
            "timeouts": null,
            "upgrade_settings": [
              {
                "blue_green_settings": [],
                "max_surge": 1,
                "max_unavailable": 0,
                "strategy": "SURGE"
              }
            ],
            "version": "1.31.5-gke.1169000"
          },
          "sensitive_attributes": [],
          "private": "eyJlMmJmYjczMC1lY2FhLTExZTYtOGY4OC0zNDM2M2JjN2M0YzAiOnsiY3JlYXRlIjoxODAwMDAwMDAwMDAwLCJkZWxldGUiOjE4MDAwMDAwMDAwMDAsInVwZGF0ZSI6MTgwMDAwMDAwMDAwMH0sInNjaGVtYV92ZXJzaW9uIjoiMSJ9",
          "dependencies": [
            "google_compute_network.vpc_1",
            "google_compute_subnetwork.subnet_1",
            "google_container_cluster.gke_cluster_1"
          ]
        }
      ]
    },
    {
      "mode": "managed",
      "type": "google_container_node_pool",
      "name": "node_pool_2",
      "provider": "provider[\"registry.terraform.io/hashicorp/google\"]",
      "instances": [
        {
          "schema_version": 1,
          "attributes": {
            "autoscaling": [],
            "cluster": "projects/dav-training-lnx-34e2/locations/europe-west1/clusters/gke-eu-west1",
            "id": "projects/dav-training-lnx-34e2/locations/europe-west1/clusters/gke-eu-west1/nodePools/gke-eu-west1-node-pool",
            "initial_node_count": 1,
            "instance_group_urls": [
              "https://www.googleapis.com/compute/v1/projects/dav-training-lnx-34e2/zones/europe-west1-d/instanceGroupManagers/gke-gke-eu-west1-gke-eu-west1-node-po-c1d5bcd1-grp",
              "https://www.googleapis.com/compute/v1/projects/dav-training-lnx-34e2/zones/europe-west1-b/instanceGroupManagers/gke-gke-eu-west1-gke-eu-west1-node-po-df4f0151-grp",
              "https://www.googleapis.com/compute/v1/projects/dav-training-lnx-34e2/zones/europe-west1-c/instanceGroupManagers/gke-gke-eu-west1-gke-eu-west1-node-po-c51e6dd3-grp"
            ],
            "location": "europe-west1",
            "managed_instance_group_urls": [
              "https://www.googleapis.com/compute/v1/projects/dav-training-lnx-34e2/zones/europe-west1-d/instanceGroups/gke-gke-eu-west1-gke-eu-west1-node-po-c1d5bcd1-grp",
              "https://www.googleapis.com/compute/v1/projects/dav-training-lnx-34e2/zones/europe-west1-b/instanceGroups/gke-gke-eu-west1-gke-eu-west1-node-po-df4f0151-grp",
              "https://www.googleapis.com/compute/v1/projects/dav-training-lnx-34e2/zones/europe-west1-c/instanceGroups/gke-gke-eu-west1-gke-eu-west1-node-po-c51e6dd3-grp"
            ],
            "management": [
              {
                "auto_repair": true,
                "auto_upgrade": true
              }
            ],
            "max_pods_per_node": 110,
            "name": "gke-eu-west1-node-pool",
            "name_prefix": "",
            "network_config": [
              {
                "additional_node_network_configs": [],
                "additional_pod_network_configs": [],
                "create_pod_range": false,
                "enable_private_nodes": false,
                "network_performance_config": [],
                "pod_cidr_overprovision_config": [],
                "pod_ipv4_cidr_block": "10.60.0.0/16",
                "pod_range": "pods-range-2"
              }
            ],
            "node_config": [
              {
                "advanced_machine_features": [],
                "boot_disk_kms_key": "",
                "confidential_nodes": [],
                "containerd_config": [],
                "disk_size_gb": 100,
                "disk_type": "pd-balanced",
                "effective_taints": [],
                "enable_confidential_storage": false,
                "ephemeral_storage_local_ssd_config": [],
                "fast_socket": [],
                "gcfs_config": [],
                "guest_accelerator": [],
                "gvnic": [],
                "host_maintenance_policy": [],
                "image_type": "COS_CONTAINERD",
                "kubelet_config": [
                  {
                    "allowed_unsafe_sysctls": [],
                    "container_log_max_files": 0,
                    "container_log_max_size": "",
                    "cpu_cfs_quota": false,
                    "cpu_cfs_quota_period": "",
                    "cpu_manager_policy": "",
                    "image_gc_high_threshold_percent": 0,
                    "image_gc_low_threshold_percent": 0,
                    "image_maximum_gc_age": "",
                    "image_minimum_gc_age": "",
                    "insecure_kubelet_readonly_port_enabled": "TRUE",
                    "pod_pids_limit": 0
                  }
                ],
                "labels": {},
                "linux_node_config": [],
                "local_nvme_ssd_block_config": [],
                "local_ssd_count": 0,
                "local_ssd_encryption_mode": "",
                "logging_variant": "DEFAULT",
                "machine_type": "e2-medium",
                "max_run_duration": "",
                "metadata": {
                  "disable-legacy-endpoints": "true"
                },
                "min_cpu_platform": "",
                "node_group": "",
                "oauth_scopes": [
                  "https://www.googleapis.com/auth/devstorage.read_only",
                  "https://www.googleapis.com/auth/logging.write",
                  "https://www.googleapis.com/auth/monitoring",
                  "https://www.googleapis.com/auth/service.management.readonly",
                  "https://www.googleapis.com/auth/servicecontrol",
                  "https://www.googleapis.com/auth/trace.append"
                ],
                "preemptible": true,
                "reservation_affinity": [],
                "resource_labels": {
                  "goog-gke-node-pool-provisioning-model": "spot"
                },
                "resource_manager_tags": null,
                "secondary_boot_disks": [],
                "service_account": "default",
                "shielded_instance_config": [
                  {
                    "enable_integrity_monitoring": true,
                    "enable_secure_boot": false
                  }
                ],
                "sole_tenant_config": [],
                "spot": false,
                "storage_pools": null,
                "tags": null,
                "taint": [],
                "workload_metadata_config": []
              }
            ],
            "node_count": 1,
            "node_locations": [
              "europe-west1-b",
              "europe-west1-c",
              "europe-west1-d"
            ],
            "operation": null,
            "placement_policy": [],
            "project": "dav-training-lnx-34e2",
            "queued_provisioning": [],
            "timeouts": null,
            "upgrade_settings": [
              {
                "blue_green_settings": [],
                "max_surge": 1,
                "max_unavailable": 0,
                "strategy": "SURGE"
              }
            ],
            "version": "1.31.5-gke.1233000"
          },
          "sensitive_attributes": [],
          "private": "eyJlMmJmYjczMC1lY2FhLTExZTYtOGY4OC0zNDM2M2JjN2M0YzAiOnsiY3JlYXRlIjoxODAwMDAwMDAwMDAwLCJkZWxldGUiOjE4MDAwMDAwMDAwMDAsInVwZGF0ZSI6MTgwMDAwMDAwMDAwMH0sInNjaGVtYV92ZXJzaW9uIjoiMSJ9",
          "dependencies": [
            "google_compute_network.vpc_2",
            "google_compute_subnetwork.subnet_2",
            "google_container_cluster.gke_cluster_2"
          ]
        }
      ]
    },
    {
      "mode": "managed",
      "type": "google_gke_hub_membership",
      "name": "fleet_member_1",
      "provider": "provider[\"registry.terraform.io/hashicorp/google\"]",
      "instances": [
        {
          "schema_version": 1,
          "attributes": {
            "authority": [],
            "effective_labels": {
              "goog-terraform-provisioned": "true"
            },
            "endpoint": [
              {
                "gke_cluster": [
                  {
                    "resource_link": "//container.googleapis.com/projects/dav-training-lnx-34e2/locations/us-central1/clusters/gke-us-central1"
                  }
                ]
              }
            ],
            "id": "projects/dav-training-lnx-34e2/locations/global/memberships/gke-us-central1-fleet",
            "labels": null,
            "location": "global",
            "membership_id": "gke-us-central1-fleet",
            "name": "projects/dav-training-lnx-34e2/locations/global/memberships/gke-us-central1-fleet",
            "project": "dav-training-lnx-34e2",
            "terraform_labels": {
              "goog-terraform-provisioned": "true"
            },
            "timeouts": null
          },
          "sensitive_attributes": [],
          "private": "eyJlMmJmYjczMC1lY2FhLTExZTYtOGY4OC0zNDM2M2JjN2M0YzAiOnsiY3JlYXRlIjoxMjAwMDAwMDAwMDAwLCJkZWxldGUiOjEyMDAwMDAwMDAwMDAsInVwZGF0ZSI6MTIwMDAwMDAwMDAwMH0sInNjaGVtYV92ZXJzaW9uIjoiMSJ9",
          "dependencies": [
            "google_compute_network.vpc_1",
            "google_compute_subnetwork.subnet_1",
            "google_container_cluster.gke_cluster_1"
          ]
        }
      ]
    },
    {
      "mode": "managed",
      "type": "google_gke_hub_membership",
      "name": "fleet_member_2",
      "provider": "provider[\"registry.terraform.io/hashicorp/google\"]",
      "instances": [
        {
          "schema_version": 1,
          "attributes": {
            "authority": [],
            "effective_labels": {
              "goog-terraform-provisioned": "true"
            },
            "endpoint": [
              {
                "gke_cluster": [
                  {
                    "resource_link": "//container.googleapis.com/projects/dav-training-lnx-34e2/locations/europe-west1/clusters/gke-eu-west1"
                  }
                ]
              }
            ],
            "id": "projects/dav-training-lnx-34e2/locations/global/memberships/gke-eu-west1-fleet",
            "labels": null,
            "location": "global",
            "membership_id": "gke-eu-west1-fleet",
            "name": "projects/dav-training-lnx-34e2/locations/global/memberships/gke-eu-west1-fleet",
            "project": "dav-training-lnx-34e2",
            "terraform_labels": {
              "goog-terraform-provisioned": "true"
            },
            "timeouts": null
          },
          "sensitive_attributes": [],
          "private": "eyJlMmJmYjczMC1lY2FhLTExZTYtOGY4OC0zNDM2M2JjN2M0YzAiOnsiY3JlYXRlIjoxMjAwMDAwMDAwMDAwLCJkZWxldGUiOjEyMDAwMDAwMDAwMDAsInVwZGF0ZSI6MTIwMDAwMDAwMDAwMH0sInNjaGVtYV92ZXJzaW9uIjoiMSJ9",
          "dependencies": [
            "google_compute_network.vpc_2",
            "google_compute_subnetwork.subnet_2",
            "google_container_cluster.gke_cluster_2"
          ]
        }
      ]
    }
  ],
  "check_results": null
}
