{
  "version": 4,
  "terraform_version": "1.8.0",
  "serial": 89,
  "lineage": "b632588e-c276-eda4-d5be-1a7b918f0ebc",
  "outputs": {
    "cluster_1_info": {
      "value": {
        "name": "gke-us-central1",
        "region": "us-central1"
      },
      "type": [
        "object",
        {
          "name": "string",
          "region": "string"
        }
      ]
    },
    "cluster_2_info": {
      "value": {
        "name": "gke-eu-west1",
        "region": "europe-west1"
      },
      "type": [
        "object",
        {
          "name": "string",
          "region": "string"
        }
      ]
    },
    "fleet_name": {
      "value": "gke-multi-region-fleet",
      "type": "string"
    },
    "vpc_1_name": {
      "value": "vpc-1",
      "type": "string"
    },
    "vpc_2_name": {
      "value": "vpc-2",
      "type": "string"
    }
  },
  "resources": [
    {
      "mode": "managed",
      "type": "google_compute_network",
      "name": "vpc_1",
      "provider": "provider[\"registry.terraform.io/hashicorp/google\"]",
      "instances": [
        {
          "schema_version": 0,
          "attributes": {
            "auto_create_subnetworks": false,
            "bgp_always_compare_med": false,
            "bgp_best_path_selection_mode": "LEGACY",
            "bgp_inter_region_cost": "",
            "delete_default_routes_on_create": false,
            "description": "",
            "enable_ula_internal_ipv6": false,
            "gateway_ipv4": "",
            "id": "projects/dav-training-lnx-34e2/global/networks/vpc-1",
            "internal_ipv6_range": "",
            "mtu": 0,
            "name": "vpc-1",
            "network_firewall_policy_enforcement_order": "AFTER_CLASSIC_FIREWALL",
            "network_id": "5825122782121371286",
            "network_profile": "",
            "numeric_id": "5825122782121371286",
            "project": "dav-training-lnx-34e2",
            "routing_mode": "REGIONAL",
            "self_link": "https://www.googleapis.com/compute/v1/projects/dav-training-lnx-34e2/global/networks/vpc-1",
            "timeouts": null
          },
          "sensitive_attributes": [],
          "private": "eyJlMmJmYjczMC1lY2FhLTExZTYtOGY4OC0zNDM2M2JjN2M0YzAiOnsiY3JlYXRlIjoxMjAwMDAwMDAwMDAwLCJkZWxldGUiOjEyMDAwMDAwMDAwMDAsInVwZGF0ZSI6MTIwMDAwMDAwMDAwMH19"
        }
      ]
    },
    {
      "mode": "managed",
      "type": "google_compute_network",
      "name": "vpc_2",
      "provider": "provider[\"registry.terraform.io/hashicorp/google\"]",
      "instances": [
        {
          "schema_version": 0,
          "attributes": {
            "auto_create_subnetworks": false,
            "bgp_always_compare_med": false,
            "bgp_best_path_selection_mode": "LEGACY",
            "bgp_inter_region_cost": "",
            "delete_default_routes_on_create": false,
            "description": "",
            "enable_ula_internal_ipv6": false,
            "gateway_ipv4": "",
            "id": "projects/dav-training-lnx-34e2/global/networks/vpc-2",
            "internal_ipv6_range": "",
            "mtu": 0,
            "name": "vpc-2",
            "network_firewall_policy_enforcement_order": "AFTER_CLASSIC_FIREWALL",
            "network_id": "5900836007508518550",
            "network_profile": "",
            "numeric_id": "5900836007508518550",
            "project": "dav-training-lnx-34e2",
            "routing_mode": "REGIONAL",
            "self_link": "https://www.googleapis.com/compute/v1/projects/dav-training-lnx-34e2/global/networks/vpc-2",
            "timeouts": null
          },
          "sensitive_attributes": [],
          "private": "eyJlMmJmYjczMC1lY2FhLTExZTYtOGY4OC0zNDM2M2JjN2M0YzAiOnsiY3JlYXRlIjoxMjAwMDAwMDAwMDAwLCJkZWxldGUiOjEyMDAwMDAwMDAwMDAsInVwZGF0ZSI6MTIwMDAwMDAwMDAwMH19"
        }
      ]
    },
    {
      "mode": "managed",
      "type": "google_compute_subnetwork",
      "name": "subnet_1",
      "provider": "provider[\"registry.terraform.io/hashicorp/google\"]",
      "instances": [
        {
          "schema_version": 0,
          "attributes": {
            "creation_timestamp": "2025-03-08T11:20:37.428-08:00",
            "description": "",
            "external_ipv6_prefix": "",
            "fingerprint": null,
            "gateway_address": "10.10.0.1",
            "id": "projects/dav-training-lnx-34e2/regions/us-central1/subnetworks/vpc-1-subnet",
            "internal_ipv6_prefix": "",
            "ip_cidr_range": "10.10.0.0/16",
            "ipv6_access_type": "",
            "ipv6_cidr_range": "",
            "log_config": [],
            "name": "vpc-1-subnet",
            "network": "https://www.googleapis.com/compute/v1/projects/dav-training-lnx-34e2/global/networks/vpc-1",
            "private_ip_google_access": true,
            "private_ipv6_google_access": "DISABLE_GOOGLE_ACCESS",
            "project": "dav-training-lnx-34e2",
            "purpose": "PRIVATE",
            "region": "us-central1",
            "reserved_internal_range": "",
            "role": "",
            "secondary_ip_range": [
              {
                "ip_cidr_range": "10.50.0.0/16",
                "range_name": "pods-range-1",
                "reserved_internal_range": ""
              },
              {
                "ip_cidr_range": "10.51.0.0/16",
                "range_name": "services-range-1",
                "reserved_internal_range": ""
              }
            ],
            "self_link": "https://www.googleapis.com/compute/v1/projects/dav-training-lnx-34e2/regions/us-central1/subnetworks/vpc-1-subnet",
            "send_secondary_ip_range_if_empty": null,
            "stack_type": "IPV4_ONLY",
            "subnetwork_id": 7886271050531546730,
            "timeouts": null
          },
          "sensitive_attributes": [],
          "private": "eyJlMmJmYjczMC1lY2FhLTExZTYtOGY4OC0zNDM2M2JjN2M0YzAiOnsiY3JlYXRlIjoxMjAwMDAwMDAwMDAwLCJkZWxldGUiOjEyMDAwMDAwMDAwMDAsInVwZGF0ZSI6MTIwMDAwMDAwMDAwMH19",
          "dependencies": [
            "google_compute_network.vpc_1"
          ]
        }
      ]
    },
    {
      "mode": "managed",
      "type": "google_compute_subnetwork",
      "name": "subnet_2",
      "provider": "provider[\"registry.terraform.io/hashicorp/google\"]",
      "instances": [
        {
          "schema_version": 0,
          "attributes": {
            "creation_timestamp": "2025-03-08T11:20:37.416-08:00",
            "description": "",
            "external_ipv6_prefix": "",
            "fingerprint": null,
            "gateway_address": "10.20.0.1",
            "id": "projects/dav-training-lnx-34e2/regions/europe-west1/subnetworks/vpc-2-subnet",
            "internal_ipv6_prefix": "",
            "ip_cidr_range": "10.20.0.0/16",
            "ipv6_access_type": "",
            "ipv6_cidr_range": "",
            "log_config": [],
            "name": "vpc-2-subnet",
            "network": "https://www.googleapis.com/compute/v1/projects/dav-training-lnx-34e2/global/networks/vpc-2",
            "private_ip_google_access": true,
            "private_ipv6_google_access": "DISABLE_GOOGLE_ACCESS",
            "project": "dav-training-lnx-34e2",
            "purpose": "PRIVATE",
            "region": "europe-west1",
            "reserved_internal_range": "",
            "role": "",
            "secondary_ip_range": [
              {
                "ip_cidr_range": "10.60.0.0/16",
                "range_name": "pods-range-2",
                "reserved_internal_range": ""
              },
              {
                "ip_cidr_range": "10.61.0.0/16",
                "range_name": "services-range-2",
                "reserved_internal_range": ""
              }
            ],
            "self_link": "https://www.googleapis.com/compute/v1/projects/dav-training-lnx-34e2/regions/europe-west1/subnetworks/vpc-2-subnet",
            "send_secondary_ip_range_if_empty": null,
            "stack_type": "IPV4_ONLY",
            "subnetwork_id": 5646538535874930282,
            "timeouts": null
          },
          "sensitive_attributes": [],
          "private": "eyJlMmJmYjczMC1lY2FhLTExZTYtOGY4OC0zNDM2M2JjN2M0YzAiOnsiY3JlYXRlIjoxMjAwMDAwMDAwMDAwLCJkZWxldGUiOjEyMDAwMDAwMDAwMDAsInVwZGF0ZSI6MTIwMDAwMDAwMDAwMH19",
          "dependencies": [
            "google_compute_network.vpc_2"
          ]
        }
      ]
    },
    {
      "mode": "managed",
      "type": "google_container_cluster",
      "name": "gke_cluster_1",
      "provider": "provider[\"registry.terraform.io/hashicorp/google\"]",
      "instances": [
        {
          "schema_version": 2,
          "attributes": {
            "addons_config": [
              {
                "cloudrun_config": [],
                "config_connector_config": [],
                "dns_cache_config": [],
                "gce_persistent_disk_csi_driver_config": [
                  {
                    "enabled": true
                  }
                ],
                "gcp_filestore_csi_driver_config": [],
                "gcs_fuse_csi_driver_config": [],
                "gke_backup_agent_config": [],
                "horizontal_pod_autoscaling": [],
                "http_load_balancing": [],
                "network_policy_config": [
                  {
                    "disabled": true
                  }
                ],
                "parallelstore_csi_driver_config": [],
                "ray_operator_config": [],
                "stateful_ha_config": []
              }
            ],
            "allow_net_admin": null,
            "authenticator_groups_config": [],
            "binary_authorization": [
              {
                "enabled": false,
                "evaluation_mode": ""
              }
            ],
            "cluster_autoscaling": [
              {
                "auto_provisioning_defaults": [],
                "auto_provisioning_locations": [],
                "autoscaling_profile": "BALANCED",
                "enabled": false,
                "resource_limits": []
              }
            ],
            "cluster_ipv4_cidr": "10.50.0.0/16",
            "confidential_nodes": [],
            "control_plane_endpoints_config": [
              {
                "dns_endpoint_config": [
                  {
                    "allow_external_traffic": false,
                    "endpoint": "gke-917a62820b15453eb56af2cb4042d0e2e023-564247751872.us-central1.gke.goog"
                  }
                ]
              }
            ],
            "cost_management_config": [],
            "database_encryption": [
              {
                "key_name": "",
                "state": "DECRYPTED"
              }
            ],
            "datapath_provider": "",
            "default_max_pods_per_node": 110,
            "default_snat_status": [
              {
                "disabled": false
              }
            ],
            "deletion_protection": false,
            "description": "",
            "dns_config": [],
            "effective_labels": {
              "goog-terraform-provisioned": "true"
            },
            "enable_autopilot": false,
            "enable_cilium_clusterwide_network_policy": false,
            "enable_fqdn_network_policy": false,
            "enable_intranode_visibility": false,
            "enable_k8s_beta_apis": [],
            "enable_kubernetes_alpha": false,
            "enable_l4_ilb_subsetting": false,
            "enable_legacy_abac": false,
            "enable_multi_networking": false,
            "enable_shielded_nodes": true,
            "enable_tpu": false,
            "endpoint": "34.173.93.77",
            "enterprise_config": [
              {
                "cluster_tier": "ENTERPRISE",
                "desired_tier": "ENTERPRISE"
              }
            ],
            "fleet": [
              {
                "membership": "//gkehub.googleapis.com/projects/564247751872/locations/global/memberships/gke-cluster-1-fleet",
                "membership_id": "gke-cluster-1-fleet",
                "membership_location": "global",
                "pre_registered": true,
                "project": "dav-training-lnx-34e2"
              }
            ],
            "gateway_api_config": [],
            "id": "projects/dav-training-lnx-34e2/locations/us-central1/clusters/gke-cluster-1",
            "identity_service_config": [],
            "initial_node_count": 1,
            "ip_allocation_policy": [
              {
                "additional_pod_ranges_config": [],
                "cluster_ipv4_cidr_block": "10.50.0.0/16",
                "cluster_secondary_range_name": "pods-range-1",
                "pod_cidr_overprovision_config": [
                  {
                    "disabled": false
                  }
                ],
                "services_ipv4_cidr_block": "10.51.0.0/16",
                "services_secondary_range_name": "services-range-1",
                "stack_type": "IPV4"
              }
            ],
            "label_fingerprint": "78cdf2f6",
            "location": "us-central1",
            "logging_config": [
              {
                "enable_components": [
                  "SYSTEM_COMPONENTS",
                  "WORKLOADS"
                ]
              }
            ],
            "logging_service": "logging.googleapis.com/kubernetes",
            "maintenance_policy": [],
            "master_auth": [
              {
                "client_certificate": "",
                "client_certificate_config": [
                  {
                    "issue_client_certificate": false
                  }
                ],
                "client_key": "",
                "cluster_ca_certificate": "LS0tLS1CRUdJTiBDRVJUSUZJQ0FURS0tLS0tCk1JSUVMVENDQXBXZ0F3SUJBZ0lSQVAzeUFrNnNFMHFVMkRNQ1JDbzZZUWd3RFFZSktvWklodmNOQVFFTEJRQXcKTHpFdE1Dc0dBMVVFQXhNa1kyUTBNakZpTnpFdE1qRXhNeTAwTm1Fd0xUaGpZMll0WVdZMFlUQXhaV00xWmpnNQpNQ0FYRFRJMU1ETXdPREU0TWpFeE1Gb1lEekl3TlRVd016QXhNVGt5TVRFd1dqQXZNUzB3S3dZRFZRUURFeVJqClpEUXlNV0kzTVMweU1URXpMVFEyWVRBdE9HTmpaaTFoWmpSaE1ERmxZelZtT0Rrd2dnR2lNQTBHQ1NxR1NJYjMKRFFFQkFRVUFBNElCandBd2dnR0tBb0lCZ1FDdHBiQUFtc2lzWGZ3anRUMVJGNy8xSXJjMlhuRWhXN0RScG1XSwpLWU90UitVQnFzaGExR3dCV2ljN3hjbmpPb2JtMUI3M1RHSFpSWjBqcEtrOTRJbEY2VWhIa0lETjdLTGFqUWMyCjFYSnRheEo2MHh6ZThZdFNzMGxvOElnZ3BBeWhxRHFuNG45c0daWVNjNzBENnM3T1krTEt4Ni9ZVWM1YzNXU2cKWVRCc0tMOTNUaXRDekVSSkh4WlMxZUhkZkdrTEVMdk9FcW9tMTJFRDFoQWlYdERoSGlqOVlnQ2JhQkdZNjJwVgorckpUMXJDSS9RcEY1Q0YvdFJMN05FRWlpTXZMM1BmSVVCZU1UUDd5WWF4Z1lyTlpsY05pN0t5VnUycmRvSGpUCjNNUkVlcW5uU2I3QWN3aEVjLzd4UUROWU1Ja1R0K29HMHJ2Rm5KU1p3QVNmV3dSTGNKSFNad3JGdCtYL2lGWWgKeVhjQ1dZK3QySEFuUExLczhuaXUveEltSTFqb3dpdnQ1THVqN3pQZVdHNm1vbUhEQ3FUU3YyZUhSTnpuMSt3Vwo3OEplRjl1Z01nTG5kbEs4T0R0Q09tQUlJVGhnU0ZpaVhvU21yQVlLS0lJOFVteHYxdmgxQW1nV0QrODR4ZEdVCk9aWkhRcDhWeGY1UU5zdTFNblEzb3ZUMW1DRUNBd0VBQWFOQ01FQXdEZ1lEVlIwUEFRSC9CQVFEQWdJRU1BOEcKQTFVZEV3RUIvd1FGTUFNQkFmOHdIUVlEVlIwT0JCWUVGQzlSakdkTTkvR3Y1TkJGeGRYeVdyTXFmeXJ2TUEwRwpDU3FHU0liM0RRRUJDd1VBQTRJQmdRQTdqdnhvcUsyeU9wcE9sUzg1NjJaRHJRSEx6UFJBdUdBU0M0cnAyRHhXCjVzdm5IeDRMamlXbDhabit6ZGxMem84RjdWdTIzQjI1cWJSUUQ1MTdEdmtKQTFSM0xFSWltVVkzdFBwRHFuK0IKQ0FHM3prVi9tbURNcGdHWVVnVEZHWkUyN1Uzb1k5cGFXZ3RXcFVBcnpOU0I5Y25aNlNBMTJ1Z2RkWXo3RjA5cQo0ZjMrOWo0YUJ3SWY2YVF1SERObmFYclJZUldqWW1HdVJVeTR5QVhMMFRmMnIwOWlqZlA3MndUWFRGWFA4WXNrCjdpSTFYTU5uM1VaOHB2N1RqTFJvRzliVHhwOEliQ3FEUVFzQjAzRTVYd3Rzbi92VlA3ZmQxL2RnN1lDTzVDY1YKOG5RaFJxQlU2akZiMkh1R3FuRTNGdjMxSFU4WVh6Z21Sc2NRL0VRQm5rZElqZnp5S0tPOWFUS0xjdHlhZ2lmeAppU3VJdmFXQUJWaHZPY2FPOWVYODVHVmxlRy9UV3VOeW9WQzFtdHdOdm9PWlIvTFFSYXd5dHNaQUdXVkdEOUowCk0vRllEYjh4T3puT2gwekRadXlXbUZ2VlFXdTlsY3dEQjIyTktuZkxpSDljWVNkWUR6endHaXdEaGJJRm81MWwKRDlaNVF3TmViMVpjbCt2TTNLbmtoajQ9Ci0tLS0tRU5EIENFUlRJRklDQVRFLS0tLS0K"
              }
            ],
            "master_authorized_networks_config": [],
            "master_version": "1.31.5-gke.1169000",
            "mesh_certificates": [],
            "min_master_version": null,
            "monitoring_config": [
              {
                "advanced_datapath_observability_config": [
                  {
                    "enable_metrics": false,
                    "enable_relay": false
                  }
                ],
                "enable_components": [
                  "SYSTEM_COMPONENTS",
                  "STORAGE",
                  "HPA",
                  "POD",
                  "DAEMONSET",
                  "DEPLOYMENT",
                  "STATEFULSET",
                  "CADVISOR",
                  "KUBELET"
                ],
                "managed_prometheus": [
                  {
                    "enabled": true
                  }
                ]
              }
            ],
            "monitoring_service": "monitoring.googleapis.com/kubernetes",
            "name": "gke-cluster-1",
            "network": "projects/dav-training-lnx-34e2/global/networks/vpc-1",
            "network_policy": [
              {
                "enabled": false,
                "provider": "PROVIDER_UNSPECIFIED"
              }
            ],
            "networking_mode": "VPC_NATIVE",
            "node_config": [
              {
                "advanced_machine_features": [],
                "boot_disk_kms_key": "",
                "confidential_nodes": [],
                "containerd_config": [],
                "disk_size_gb": 100,
                "disk_type": "pd-balanced",
                "effective_taints": [],
                "enable_confidential_storage": false,
                "ephemeral_storage_local_ssd_config": [],
                "fast_socket": [],
                "gcfs_config": [],
                "guest_accelerator": [],
                "gvnic": [],
                "host_maintenance_policy": [],
                "image_type": "COS_CONTAINERD",
                "kubelet_config": [
                  {
                    "allowed_unsafe_sysctls": [],
                    "container_log_max_files": 0,
                    "container_log_max_size": "",
                    "cpu_cfs_quota": false,
                    "cpu_cfs_quota_period": "",
                    "cpu_manager_policy": "",
                    "image_gc_high_threshold_percent": 0,
                    "image_gc_low_threshold_percent": 0,
                    "image_maximum_gc_age": "",
                    "image_minimum_gc_age": "",
                    "insecure_kubelet_readonly_port_enabled": "TRUE",
                    "pod_pids_limit": 0
                  }
                ],
                "labels": {},
                "linux_node_config": [],
                "local_nvme_ssd_block_config": [],
                "local_ssd_count": 0,
                "local_ssd_encryption_mode": "",
                "logging_variant": "DEFAULT",
                "machine_type": "e2-medium",
                "max_run_duration": "",
                "metadata": {
                  "disable-legacy-endpoints": "true"
                },
                "min_cpu_platform": "",
                "node_group": "",
                "oauth_scopes": [
                  "https://www.googleapis.com/auth/devstorage.read_only",
                  "https://www.googleapis.com/auth/logging.write",
                  "https://www.googleapis.com/auth/monitoring",
                  "https://www.googleapis.com/auth/service.management.readonly",
                  "https://www.googleapis.com/auth/servicecontrol",
                  "https://www.googleapis.com/auth/trace.append"
                ],
                "preemptible": true,
                "reservation_affinity": [],
                "resource_labels": {
                  "goog-gke-node-pool-provisioning-model": "spot"
                },
                "resource_manager_tags": {},
                "secondary_boot_disks": [],
                "service_account": "default",
                "shielded_instance_config": [
                  {
                    "enable_integrity_monitoring": true,
                    "enable_secure_boot": false
                  }
                ],
                "sole_tenant_config": [],
                "spot": false,
                "storage_pools": [],
                "tags": [],
                "taint": [],
                "workload_metadata_config": []
              }
            ],
            "node_locations": [
              "us-central1-a",
              "us-central1-c",
              "us-central1-f"
            ],
            "node_pool": [
              {
                "autoscaling": [],
                "initial_node_count": 1,
                "instance_group_urls": [
                  "https://www.googleapis.com/compute/v1/projects/dav-training-lnx-34e2/zones/us-central1-f/instanceGroupManagers/gke-gke-cluster-1-gke-cluster-1-node--e05bfdf3-grp",
                  "https://www.googleapis.com/compute/v1/projects/dav-training-lnx-34e2/zones/us-central1-c/instanceGroupManagers/gke-gke-cluster-1-gke-cluster-1-node--c1e20e91-grp",
                  "https://www.googleapis.com/compute/v1/projects/dav-training-lnx-34e2/zones/us-central1-a/instanceGroupManagers/gke-gke-cluster-1-gke-cluster-1-node--52a0e714-grp"
                ],
                "managed_instance_group_urls": [
                  "https://www.googleapis.com/compute/v1/projects/dav-training-lnx-34e2/zones/us-central1-f/instanceGroups/gke-gke-cluster-1-gke-cluster-1-node--e05bfdf3-grp",
                  "https://www.googleapis.com/compute/v1/projects/dav-training-lnx-34e2/zones/us-central1-c/instanceGroups/gke-gke-cluster-1-gke-cluster-1-node--c1e20e91-grp",
                  "https://www.googleapis.com/compute/v1/projects/dav-training-lnx-34e2/zones/us-central1-a/instanceGroups/gke-gke-cluster-1-gke-cluster-1-node--52a0e714-grp"
                ],
                "management": [
                  {
                    "auto_repair": true,
                    "auto_upgrade": true
                  }
                ],
                "max_pods_per_node": 110,
                "name": "gke-cluster-1-node-pool",
                "name_prefix": "",
                "network_config": [
                  {
                    "additional_node_network_configs": [],
                    "additional_pod_network_configs": [],
                    "create_pod_range": false,
                    "enable_private_nodes": false,
                    "network_performance_config": [],
                    "pod_cidr_overprovision_config": [],
                    "pod_ipv4_cidr_block": "10.50.0.0/16",
                    "pod_range": "pods-range-1"
                  }
                ],
                "node_config": [
                  {
                    "advanced_machine_features": [],
                    "boot_disk_kms_key": "",
                    "confidential_nodes": [],
                    "containerd_config": [],
                    "disk_size_gb": 100,
                    "disk_type": "pd-balanced",
                    "effective_taints": [],
                    "enable_confidential_storage": false,
                    "ephemeral_storage_local_ssd_config": [],
                    "fast_socket": [],
                    "gcfs_config": [],
                    "guest_accelerator": [],
                    "gvnic": [],
                    "host_maintenance_policy": [],
                    "image_type": "COS_CONTAINERD",
                    "kubelet_config": [
                      {
                        "allowed_unsafe_sysctls": [],
                        "container_log_max_files": 0,
                        "container_log_max_size": "",
                        "cpu_cfs_quota": false,
                        "cpu_cfs_quota_period": "",
                        "cpu_manager_policy": "",
                        "image_gc_high_threshold_percent": 0,
                        "image_gc_low_threshold_percent": 0,
                        "image_maximum_gc_age": "",
                        "image_minimum_gc_age": "",
                        "insecure_kubelet_readonly_port_enabled": "TRUE",
                        "pod_pids_limit": 0
                      }
                    ],
                    "labels": {},
                    "linux_node_config": [],
                    "local_nvme_ssd_block_config": [],
                    "local_ssd_count": 0,
                    "local_ssd_encryption_mode": "",
                    "logging_variant": "DEFAULT",
                    "machine_type": "e2-medium",
                    "max_run_duration": "",
                    "metadata": {
                      "disable-legacy-endpoints": "true"
                    },
                    "min_cpu_platform": "",
                    "node_group": "",
                    "oauth_scopes": [
                      "https://www.googleapis.com/auth/devstorage.read_only",
                      "https://www.googleapis.com/auth/logging.write",
                      "https://www.googleapis.com/auth/monitoring",
                      "https://www.googleapis.com/auth/service.management.readonly",
                      "https://www.googleapis.com/auth/servicecontrol",
                      "https://www.googleapis.com/auth/trace.append"
                    ],
                    "preemptible": true,
                    "reservation_affinity": [],
                    "resource_labels": {
                      "goog-gke-node-pool-provisioning-model": "spot"
                    },
                    "resource_manager_tags": {},
                    "secondary_boot_disks": [],
                    "service_account": "default",
                    "shielded_instance_config": [
                      {
                        "enable_integrity_monitoring": true,
                        "enable_secure_boot": false
                      }
                    ],
                    "sole_tenant_config": [],
                    "spot": false,
                    "storage_pools": [],
                    "tags": [],
                    "taint": [],
                    "workload_metadata_config": []
                  }
                ],
                "node_count": 1,
                "node_locations": [
                  "us-central1-a",
                  "us-central1-c",
                  "us-central1-f"
                ],
                "placement_policy": [],
                "queued_provisioning": [],
                "upgrade_settings": [
                  {
                    "blue_green_settings": [],
                    "max_surge": 1,
                    "max_unavailable": 0,
                    "strategy": "SURGE"
                  }
                ],
                "version": "1.31.5-gke.1169000"
              }
            ],
            "node_pool_auto_config": [],
            "node_pool_defaults": [
              {
                "node_config_defaults": [
                  {
                    "containerd_config": [],
                    "gcfs_config": [],
                    "insecure_kubelet_readonly_port_enabled": "FALSE",
                    "logging_variant": "DEFAULT"
                  }
                ]
              }
            ],
            "node_version": "1.31.5-gke.1169000",
            "notification_config": [
              {
                "pubsub": [
                  {
                    "enabled": false,
                    "filter": [],
                    "topic": ""
                  }
                ]
              }
            ],
            "operation": null,
            "private_cluster_config": [
              {
                "enable_private_endpoint": false,
                "enable_private_nodes": false,
                "master_global_access_config": [
                  {
                    "enabled": false
                  }
                ],
                "master_ipv4_cidr_block": "",
                "peering_name": "",
                "private_endpoint": "10.10.0.2",
                "private_endpoint_subnetwork": "",
                "public_endpoint": "34.173.93.77"
              }
            ],
            "private_ipv6_google_access": "",
            "project": "dav-training-lnx-34e2",
            "release_channel": [
              {
                "channel": "REGULAR"
              }
            ],
            "remove_default_node_pool": true,
            "resource_labels": {},
            "resource_usage_export_config": [],
            "secret_manager_config": [
              {
                "enabled": false
              }
            ],
            "security_posture_config": [
              {
                "mode": "BASIC",
                "vulnerability_mode": "VULNERABILITY_MODE_UNSPECIFIED"
              }
            ],
            "self_link": "https://container.googleapis.com/v1/projects/dav-training-lnx-34e2/locations/us-central1/clusters/gke-cluster-1",
            "service_external_ips_config": [
              {
                "enabled": false
              }
            ],
            "services_ipv4_cidr": "10.51.0.0/16",
            "subnetwork": "projects/dav-training-lnx-34e2/regions/us-central1/subnetworks/vpc-1-subnet",
            "terraform_labels": {
              "goog-terraform-provisioned": "true"
            },
            "timeouts": null,
            "tpu_ipv4_cidr_block": "",
            "user_managed_keys_config": [],
            "vertical_pod_autoscaling": [],
            "workload_identity_config": []
          },
          "sensitive_attributes": [
            [
              {
                "type": "get_attr",
                "value": "master_auth"
              },
              {
                "type": "index",
                "value": {
                  "value": 0,
                  "type": "number"
                }
              },
              {
                "type": "get_attr",
                "value": "client_key"
              }
            ]
          ],
          "private": "eyJlMmJmYjczMC1lY2FhLTExZTYtOGY4OC0zNDM2M2JjN2M0YzAiOnsiY3JlYXRlIjoyNDAwMDAwMDAwMDAwLCJkZWxldGUiOjI0MDAwMDAwMDAwMDAsInJlYWQiOjI0MDAwMDAwMDAwMDAsInVwZGF0ZSI6MzYwMDAwMDAwMDAwMH0sInNjaGVtYV92ZXJzaW9uIjoiMiJ9",
          "dependencies": [
            "google_compute_network.vpc_1",
            "google_compute_subnetwork.subnet_1"
          ]
        }
      ]
    },
    {
      "mode": "managed",
      "type": "google_container_cluster",
      "name": "gke_cluster_2",
      "provider": "provider[\"registry.terraform.io/hashicorp/google\"]",
      "instances": [
        {
          "schema_version": 2,
          "attributes": {
            "addons_config": [
              {
                "cloudrun_config": [],
                "config_connector_config": [],
                "dns_cache_config": [],
                "gce_persistent_disk_csi_driver_config": [
                  {
                    "enabled": true
                  }
                ],
                "gcp_filestore_csi_driver_config": [],
                "gcs_fuse_csi_driver_config": [],
                "gke_backup_agent_config": [],
                "horizontal_pod_autoscaling": [],
                "http_load_balancing": [],
                "network_policy_config": [
                  {
                    "disabled": true
                  }
                ],
                "parallelstore_csi_driver_config": [],
                "ray_operator_config": [],
                "stateful_ha_config": []
              }
            ],
            "allow_net_admin": null,
            "authenticator_groups_config": [],
            "binary_authorization": [
              {
                "enabled": false,
                "evaluation_mode": ""
              }
            ],
            "cluster_autoscaling": [
              {
                "auto_provisioning_defaults": [],
                "auto_provisioning_locations": [],
                "autoscaling_profile": "BALANCED",
                "enabled": false,
                "resource_limits": []
              }
            ],
            "cluster_ipv4_cidr": "10.60.0.0/16",
            "confidential_nodes": [],
            "control_plane_endpoints_config": [
              {
                "dns_endpoint_config": [
                  {
                    "allow_external_traffic": false,
                    "endpoint": "gke-b9dc477521bf4b0da9e6c45387f12994613d-564247751872.europe-west1.gke.goog"
                  }
                ]
              }
            ],
            "cost_management_config": [],
            "database_encryption": [
              {
                "key_name": "",
                "state": "DECRYPTED"
              }
            ],
            "datapath_provider": "",
            "default_max_pods_per_node": 110,
            "default_snat_status": [
              {
                "disabled": false
              }
            ],
            "deletion_protection": false,
            "description": "",
            "dns_config": [],
            "effective_labels": {
              "goog-terraform-provisioned": "true"
            },
            "enable_autopilot": false,
            "enable_cilium_clusterwide_network_policy": false,
            "enable_fqdn_network_policy": false,
            "enable_intranode_visibility": false,
            "enable_k8s_beta_apis": [],
            "enable_kubernetes_alpha": false,
            "enable_l4_ilb_subsetting": false,
            "enable_legacy_abac": false,
            "enable_multi_networking": false,
            "enable_shielded_nodes": true,
            "enable_tpu": false,
            "endpoint": "35.187.163.35",
            "enterprise_config": [
              {
                "cluster_tier": "ENTERPRISE",
                "desired_tier": "ENTERPRISE"
              }
            ],
            "fleet": [
              {
                "membership": "//gkehub.googleapis.com/projects/564247751872/locations/global/memberships/gke-cluster-2-fleet",
                "membership_id": "gke-cluster-2-fleet",
                "membership_location": "global",
                "pre_registered": true,
                "project": "dav-training-lnx-34e2"
              }
            ],
            "gateway_api_config": [],
            "id": "projects/dav-training-lnx-34e2/locations/europe-west1/clusters/gke-cluster-2",
            "identity_service_config": [],
            "initial_node_count": 1,
            "ip_allocation_policy": [
              {
                "additional_pod_ranges_config": [],
                "cluster_ipv4_cidr_block": "10.60.0.0/16",
                "cluster_secondary_range_name": "pods-range-2",
                "pod_cidr_overprovision_config": [
                  {
                    "disabled": false
                  }
                ],
                "services_ipv4_cidr_block": "10.61.0.0/16",
                "services_secondary_range_name": "services-range-2",
                "stack_type": "IPV4"
              }
            ],
            "label_fingerprint": "78cdf2f6",
            "location": "europe-west1",
            "logging_config": [
              {
                "enable_components": [
                  "SYSTEM_COMPONENTS",
                  "WORKLOADS"
                ]
              }
            ],
            "logging_service": "logging.googleapis.com/kubernetes",
            "maintenance_policy": [],
            "master_auth": [
              {
                "client_certificate": "",
                "client_certificate_config": [
                  {
                    "issue_client_certificate": false
                  }
                ],
                "client_key": "",
                "cluster_ca_certificate": "LS0tLS1CRUdJTiBDRVJUSUZJQ0FURS0tLS0tCk1JSUVMRENDQXBTZ0F3SUJBZ0lRQ1BDajRhTW5GUGJrL3NBdThhc1FqVEFOQmdrcWhraUc5dzBCQVFzRkFEQXYKTVMwd0t3WURWUVFERXlReU9UWTFZemcxTUMxbU9ETTVMVFF5T0RVdFlqZzBPUzAyWVRJMFpXVTNOVFl6WldVdwpJQmNOTWpVd016QTRNVGd5TVRBeFdoZ1BNakExTlRBek1ERXhPVEl4TURGYU1DOHhMVEFyQmdOVkJBTVRKREk1Ck5qVmpPRFV3TFdZNE16a3ROREk0TlMxaU9EUTVMVFpoTWpSbFpUYzFOak5sWlRDQ0FhSXdEUVlKS29aSWh2Y04KQVFFQkJRQURnZ0dQQURDQ0FZb0NnZ0dCQUxnVVVINTZremdSZ3ZSTHFDblFQWW9TNnRlL0tlMG5kYmx5cG9YVgp4bWtvbHFFbC9CODJ0blA1OEtBTmdiT1ZsQXhrckZmRnphL0RqZ2IxUGo1dTVMam52a1NHbkE4c2RRVUtzMEx6CkhPcWtjSGtnNUUydC9MZCtkYThwMWFkS3JQOEd2Nzg0QlV2RzJlcFlLMWVpS0hoWEtrTEpDcGxpeldIU1diYVQKSFdSYUFYblBuS1ZWK1RxMW1RUVR5eXhlQWgrSDRleHNLMk0wWHFITlhiUEZGNmFaT282dDU4L2gzU1VhbVZGYgpRcmFYSUtkTTRNWjJNNm5yMXN2Rkw1ZjJUQkg4K0hKREwxT1FNT08zSFdxYVdyc0hPaGhJRE9wT096Z05od2ZhCjkvQ2dlSTBQTlNpcEJUMXJidzFMczNVa084Wm5TcnEyTGtmcGdXYXV0dUVCUzBDZ2VaN1U5ekdzbSsydGFweUEKVXMxTW42S0drVmhYMDVEZjY3MHhxNEpPdFB3RFFQTDR6MnI3amtqenNmVXd4RlNSenRvdXpQN2wxbnROS3RxUwppdFNNTFhBYXZXZW1uRjFrQ0RrcHJGSERNeUZJNmY2Q2pRUHJOc0JzMFUxbTBVeFdGZjRJS1N5ZkFnOURyOVJlCkovQ2ROSGZaQ1VidVVDd1JpVUxiUmNBUTlRSURBUUFCbzBJd1FEQU9CZ05WSFE4QkFmOEVCQU1DQWdRd0R3WUQKVlIwVEFRSC9CQVV3QXdFQi96QWRCZ05WSFE0RUZnUVVXTm1meGx4NmJ0QTllTDVnN0gxNUNiWDdxbG93RFFZSgpLb1pJaHZjTkFRRUxCUUFEZ2dHQkFEcjgwdjFtWVcvSmVSN3lmbmhLdHM0dTM0SXJRWWFQTG05cmV6dGFzN1Z2CmU0cTJCTXBta1ltSjBKU0NOTFc5aExxUDY3Y3BjOEI5WFRqMkV5bjZmUnBDSHlEYW9qUksvQmw3MEJpRUphTG4KamNSdjdiWTk0M21Pb0d2b0lQZmd4RDViYVQ0SDQ5UldSWks5K1VTbHYrSnJPc2prNzFBUVVZWllNUHJyTlZvMwpVbDFBVU5Ebms5SjRrY3pyUmZkWjBmS1RRNmM3QSszQ0N5RzVzd0JmSU01WnhKSjF5MUZmVlJmWXJkdEtmQkI5CmRNUHM3dDR4OERDeTFuaERweVd4dmp3djdiekc2VkRNSUZQYmNFdForLzFTS0o4dFRrU1pvc3hWWEtOUktoU1oKV0ppcW5YU2MrbmZieXFQcmtsNVRzaXZnZ0hLSjhSU0JZUkk1Nmx1R1FURktId0RDeUtPVU1SY0F4cHVtZTE4bwo3M1pjMU1WeWdmMzhLd1hzRXROR0FOT1Z0VVNtdnFta0dtenBicUFhdTRmNStoRGxFZUh2eWpYZzZ3S3Y4WjdYCjBOcVMzUFJRRUJ6dG1XK1QrcDFZTnUyTWtoQ0N0R0NLNHMvaGdoSGpKTGJqL011WFVEcUVBajBUNFVncmRWVXIKUnZSSStlaDRCMWNUMy9rZnhoVFFDdz09Ci0tLS0tRU5EIENFUlRJRklDQVRFLS0tLS0K"
              }
            ],
            "master_authorized_networks_config": [],
            "master_version": "1.31.5-gke.1233000",
            "mesh_certificates": [],
            "min_master_version": null,
            "monitoring_config": [
              {
                "advanced_datapath_observability_config": [
                  {
                    "enable_metrics": false,
                    "enable_relay": false
                  }
                ],
                "enable_components": [
                  "SYSTEM_COMPONENTS",
                  "DEPLOYMENT",
                  "STATEFULSET",
                  "STORAGE",
                  "HPA",
                  "POD",
                  "DAEMONSET",
                  "CADVISOR",
                  "KUBELET"
                ],
                "managed_prometheus": [
                  {
                    "enabled": true
                  }
                ]
              }
            ],
            "monitoring_service": "monitoring.googleapis.com/kubernetes",
            "name": "gke-cluster-2",
            "network": "projects/dav-training-lnx-34e2/global/networks/vpc-2",
            "network_policy": [
              {
                "enabled": false,
                "provider": "PROVIDER_UNSPECIFIED"
              }
            ],
            "networking_mode": "VPC_NATIVE",
            "node_config": [
              {
                "advanced_machine_features": [],
                "boot_disk_kms_key": "",
                "confidential_nodes": [],
                "containerd_config": [],
                "disk_size_gb": 100,
                "disk_type": "pd-balanced",
                "effective_taints": [],
                "enable_confidential_storage": false,
                "ephemeral_storage_local_ssd_config": [],
                "fast_socket": [],
                "gcfs_config": [],
                "guest_accelerator": [],
                "gvnic": [],
                "host_maintenance_policy": [],
                "image_type": "COS_CONTAINERD",
                "kubelet_config": [
                  {
                    "allowed_unsafe_sysctls": [],
                    "container_log_max_files": 0,
                    "container_log_max_size": "",
                    "cpu_cfs_quota": false,
                    "cpu_cfs_quota_period": "",
                    "cpu_manager_policy": "",
                    "image_gc_high_threshold_percent": 0,
                    "image_gc_low_threshold_percent": 0,
                    "image_maximum_gc_age": "",
                    "image_minimum_gc_age": "",
                    "insecure_kubelet_readonly_port_enabled": "TRUE",
                    "pod_pids_limit": 0
                  }
                ],
                "labels": {},
                "linux_node_config": [],
                "local_nvme_ssd_block_config": [],
                "local_ssd_count": 0,
                "local_ssd_encryption_mode": "",
                "logging_variant": "DEFAULT",
                "machine_type": "e2-medium",
                "max_run_duration": "",
                "metadata": {
                  "disable-legacy-endpoints": "true"
                },
                "min_cpu_platform": "",
                "node_group": "",
                "oauth_scopes": [
                  "https://www.googleapis.com/auth/devstorage.read_only",
                  "https://www.googleapis.com/auth/logging.write",
                  "https://www.googleapis.com/auth/monitoring",
                  "https://www.googleapis.com/auth/service.management.readonly",
                  "https://www.googleapis.com/auth/servicecontrol",
                  "https://www.googleapis.com/auth/trace.append"
                ],
                "preemptible": true,
                "reservation_affinity": [],
                "resource_labels": {
                  "goog-gke-node-pool-provisioning-model": "spot"
                },
                "resource_manager_tags": {},
                "secondary_boot_disks": [],
                "service_account": "default",
                "shielded_instance_config": [
                  {
                    "enable_integrity_monitoring": true,
                    "enable_secure_boot": false
                  }
                ],
                "sole_tenant_config": [],
                "spot": false,
                "storage_pools": [],
                "tags": [],
                "taint": [],
                "workload_metadata_config": []
              }
            ],
            "node_locations": [
              "europe-west1-b",
              "europe-west1-c",
              "europe-west1-d"
            ],
            "node_pool": [
              {
                "autoscaling": [],
                "initial_node_count": 1,
                "instance_group_urls": [
                  "https://www.googleapis.com/compute/v1/projects/dav-training-lnx-34e2/zones/europe-west1-b/instanceGroupManagers/gke-gke-cluster-2-gke-cluster-2-node--74c14c7e-grp",
                  "https://www.googleapis.com/compute/v1/projects/dav-training-lnx-34e2/zones/europe-west1-d/instanceGroupManagers/gke-gke-cluster-2-gke-cluster-2-node--934eecc9-grp",
                  "https://www.googleapis.com/compute/v1/projects/dav-training-lnx-34e2/zones/europe-west1-c/instanceGroupManagers/gke-gke-cluster-2-gke-cluster-2-node--8f8ec5be-grp"
                ],
                "managed_instance_group_urls": [
                  "https://www.googleapis.com/compute/v1/projects/dav-training-lnx-34e2/zones/europe-west1-b/instanceGroups/gke-gke-cluster-2-gke-cluster-2-node--74c14c7e-grp",
                  "https://www.googleapis.com/compute/v1/projects/dav-training-lnx-34e2/zones/europe-west1-d/instanceGroups/gke-gke-cluster-2-gke-cluster-2-node--934eecc9-grp",
                  "https://www.googleapis.com/compute/v1/projects/dav-training-lnx-34e2/zones/europe-west1-c/instanceGroups/gke-gke-cluster-2-gke-cluster-2-node--8f8ec5be-grp"
                ],
                "management": [
                  {
                    "auto_repair": true,
                    "auto_upgrade": true
                  }
                ],
                "max_pods_per_node": 110,
                "name": "gke-cluster-2-node-pool",
                "name_prefix": "",
                "network_config": [
                  {
                    "additional_node_network_configs": [],
                    "additional_pod_network_configs": [],
                    "create_pod_range": false,
                    "enable_private_nodes": false,
                    "network_performance_config": [],
                    "pod_cidr_overprovision_config": [],
                    "pod_ipv4_cidr_block": "10.60.0.0/16",
                    "pod_range": "pods-range-2"
                  }
                ],
                "node_config": [
                  {
                    "advanced_machine_features": [],
                    "boot_disk_kms_key": "",
                    "confidential_nodes": [],
                    "containerd_config": [],
                    "disk_size_gb": 100,
                    "disk_type": "pd-balanced",
                    "effective_taints": [],
                    "enable_confidential_storage": false,
                    "ephemeral_storage_local_ssd_config": [],
                    "fast_socket": [],
                    "gcfs_config": [],
                    "guest_accelerator": [],
                    "gvnic": [],
                    "host_maintenance_policy": [],
                    "image_type": "COS_CONTAINERD",
                    "kubelet_config": [
                      {
                        "allowed_unsafe_sysctls": [],
                        "container_log_max_files": 0,
                        "container_log_max_size": "",
                        "cpu_cfs_quota": false,
                        "cpu_cfs_quota_period": "",
                        "cpu_manager_policy": "",
                        "image_gc_high_threshold_percent": 0,
                        "image_gc_low_threshold_percent": 0,
                        "image_maximum_gc_age": "",
                        "image_minimum_gc_age": "",
                        "insecure_kubelet_readonly_port_enabled": "TRUE",
                        "pod_pids_limit": 0
                      }
                    ],
                    "labels": {},
                    "linux_node_config": [],
                    "local_nvme_ssd_block_config": [],
                    "local_ssd_count": 0,
                    "local_ssd_encryption_mode": "",
                    "logging_variant": "DEFAULT",
                    "machine_type": "e2-medium",
                    "max_run_duration": "",
                    "metadata": {
                      "disable-legacy-endpoints": "true"
                    },
                    "min_cpu_platform": "",
                    "node_group": "",
                    "oauth_scopes": [
                      "https://www.googleapis.com/auth/devstorage.read_only",
                      "https://www.googleapis.com/auth/logging.write",
                      "https://www.googleapis.com/auth/monitoring",
                      "https://www.googleapis.com/auth/service.management.readonly",
                      "https://www.googleapis.com/auth/servicecontrol",
                      "https://www.googleapis.com/auth/trace.append"
                    ],
                    "preemptible": true,
                    "reservation_affinity": [],
                    "resource_labels": {
                      "goog-gke-node-pool-provisioning-model": "spot"
                    },
                    "resource_manager_tags": {},
                    "secondary_boot_disks": [],
                    "service_account": "default",
                    "shielded_instance_config": [
                      {
                        "enable_integrity_monitoring": true,
                        "enable_secure_boot": false
                      }
                    ],
                    "sole_tenant_config": [],
                    "spot": false,
                    "storage_pools": [],
                    "tags": [],
                    "taint": [],
                    "workload_metadata_config": []
                  }
                ],
                "node_count": 1,
                "node_locations": [
                  "europe-west1-b",
                  "europe-west1-c",
                  "europe-west1-d"
                ],
                "placement_policy": [],
                "queued_provisioning": [],
                "upgrade_settings": [
                  {
                    "blue_green_settings": [],
                    "max_surge": 1,
                    "max_unavailable": 0,
                    "strategy": "SURGE"
                  }
                ],
                "version": "1.31.5-gke.1233000"
              }
            ],
            "node_pool_auto_config": [],
            "node_pool_defaults": [
              {
                "node_config_defaults": [
                  {
                    "containerd_config": [],
                    "gcfs_config": [],
                    "insecure_kubelet_readonly_port_enabled": "FALSE",
                    "logging_variant": "DEFAULT"
                  }
                ]
              }
            ],
            "node_version": "1.31.5-gke.1233000",
            "notification_config": [
              {
                "pubsub": [
                  {
                    "enabled": false,
                    "filter": [],
                    "topic": ""
                  }
                ]
              }
            ],
            "operation": null,
            "private_cluster_config": [
              {
                "enable_private_endpoint": false,
                "enable_private_nodes": false,
                "master_global_access_config": [
                  {
                    "enabled": false
                  }
                ],
                "master_ipv4_cidr_block": "",
                "peering_name": "",
                "private_endpoint": "10.20.0.2",
                "private_endpoint_subnetwork": "",
                "public_endpoint": "35.187.163.35"
              }
            ],
            "private_ipv6_google_access": "",
            "project": "dav-training-lnx-34e2",
            "release_channel": [
              {
                "channel": "REGULAR"
              }
            ],
            "remove_default_node_pool": true,
            "resource_labels": {},
            "resource_usage_export_config": [],
            "secret_manager_config": [
              {
                "enabled": false
              }
            ],
            "security_posture_config": [
              {
                "mode": "BASIC",
                "vulnerability_mode": "VULNERABILITY_MODE_UNSPECIFIED"
              }
            ],
            "self_link": "https://container.googleapis.com/v1/projects/dav-training-lnx-34e2/locations/europe-west1/clusters/gke-cluster-2",
            "service_external_ips_config": [
              {
                "enabled": false
              }
            ],
            "services_ipv4_cidr": "10.61.0.0/16",
            "subnetwork": "projects/dav-training-lnx-34e2/regions/europe-west1/subnetworks/vpc-2-subnet",
            "terraform_labels": {
              "goog-terraform-provisioned": "true"
            },
            "timeouts": null,
            "tpu_ipv4_cidr_block": "",
            "user_managed_keys_config": [],
            "vertical_pod_autoscaling": [],
            "workload_identity_config": []
          },
          "sensitive_attributes": [
            [
              {
                "type": "get_attr",
                "value": "master_auth"
              },
              {
                "type": "index",
                "value": {
                  "value": 0,
                  "type": "number"
                }
              },
              {
                "type": "get_attr",
                "value": "client_key"
              }
            ]
          ],
          "private": "eyJlMmJmYjczMC1lY2FhLTExZTYtOGY4OC0zNDM2M2JjN2M0YzAiOnsiY3JlYXRlIjoyNDAwMDAwMDAwMDAwLCJkZWxldGUiOjI0MDAwMDAwMDAwMDAsInJlYWQiOjI0MDAwMDAwMDAwMDAsInVwZGF0ZSI6MzYwMDAwMDAwMDAwMH0sInNjaGVtYV92ZXJzaW9uIjoiMiJ9",
          "dependencies": [
            "google_compute_network.vpc_2",
            "google_compute_subnetwork.subnet_2"
          ]
        }
      ]
    },
    {
      "mode": "managed",
      "type": "google_gke_hub_membership",
      "name": "fleet_member_1",
      "provider": "provider[\"registry.terraform.io/hashicorp/google\"]",
      "instances": [
        {
          "schema_version": 1,
          "attributes": {
            "authority": [],
            "effective_labels": {
              "goog-terraform-provisioned": "true"
            },
            "endpoint": [
              {
                "gke_cluster": [
                  {
                    "resource_link": "//container.googleapis.com/projects/dav-training-lnx-34e2/locations/us-central1/clusters/gke-cluster-1"
                  }
                ]
              }
            ],
            "id": "projects/dav-training-lnx-34e2/locations/global/memberships/gke-cluster-1-fleet",
            "labels": {},
            "location": "global",
            "membership_id": "gke-cluster-1-fleet",
            "name": "projects/dav-training-lnx-34e2/locations/global/memberships/gke-cluster-1-fleet",
            "project": "dav-training-lnx-34e2",
            "terraform_labels": {
              "goog-terraform-provisioned": "true"
            },
            "timeouts": null
          },
          "sensitive_attributes": [],
          "private": "eyJlMmJmYjczMC1lY2FhLTExZTYtOGY4OC0zNDM2M2JjN2M0YzAiOnsiY3JlYXRlIjoxMjAwMDAwMDAwMDAwLCJkZWxldGUiOjEyMDAwMDAwMDAwMDAsInVwZGF0ZSI6MTIwMDAwMDAwMDAwMH0sInNjaGVtYV92ZXJzaW9uIjoiMSJ9",
          "dependencies": [
            "google_compute_network.vpc_1",
            "google_compute_subnetwork.subnet_1",
            "google_container_cluster.gke_cluster_1"
          ]
        }
      ]
    },
    {
      "mode": "managed",
      "type": "google_gke_hub_membership",
      "name": "fleet_member_2",
      "provider": "provider[\"registry.terraform.io/hashicorp/google\"]",
      "instances": [
        {
          "schema_version": 1,
          "attributes": {
            "authority": [],
            "effective_labels": {
              "goog-terraform-provisioned": "true"
            },
            "endpoint": [
              {
                "gke_cluster": [
                  {
                    "resource_link": "//container.googleapis.com/projects/dav-training-lnx-34e2/locations/europe-west1/clusters/gke-cluster-2"
                  }
                ]
              }
            ],
            "id": "projects/dav-training-lnx-34e2/locations/global/memberships/gke-cluster-2-fleet",
            "labels": {},
            "location": "global",
            "membership_id": "gke-cluster-2-fleet",
            "name": "projects/dav-training-lnx-34e2/locations/global/memberships/gke-cluster-2-fleet",
            "project": "dav-training-lnx-34e2",
            "terraform_labels": {
              "goog-terraform-provisioned": "true"
            },
            "timeouts": null
          },
          "sensitive_attributes": [],
          "private": "eyJlMmJmYjczMC1lY2FhLTExZTYtOGY4OC0zNDM2M2JjN2M0YzAiOnsiY3JlYXRlIjoxMjAwMDAwMDAwMDAwLCJkZWxldGUiOjEyMDAwMDAwMDAwMDAsInVwZGF0ZSI6MTIwMDAwMDAwMDAwMH0sInNjaGVtYV92ZXJzaW9uIjoiMSJ9",
          "dependencies": [
            "google_compute_network.vpc_2",
            "google_compute_subnetwork.subnet_2",
            "google_container_cluster.gke_cluster_2"
          ]
        }
      ]
    }
  ],
  "check_results": null
}
